
Microsoft Visual Studio Solution File, Format Version 12.00
# Visual Studio 15
VisualStudioVersion = 15.0.26228.10
MinimumVisualStudioVersion = 10.0.40219.1
Project("{D954291E-2A0B-460D-934E-DC6B0785DB48}") = "LibShared", "LibShared\LibShared.shproj", "{3248EA5E-2185-4F83-BC61-E4A7306BDDD1}"
EndProject
Project("{D954291E-2A0B-460D-934E-DC6B0785DB48}") = "NPOIExtension", "NPOIExtension\NPOIExtension.shproj", "{4D221F6F-077A-477E-9C55-F458641937F2}"
EndProject
Project("{FAE04EC0-301F-11D3-BF4B-00C04F79EFBC}") = "XLua.Mini", "xlua\General\vs2013\XLua.Mini.csproj", "{9A2C7D34-0697-31AB-4FD5-E250BB7E0F00}"
EndProject
Project("{FAE04EC0-301F-11D3-BF4B-00C04F79EFBC}") = "xlua", "cslua\xlua.csproj", "{02B75C01-9C92-4DA4-9854-ED4B42C87D00}"
EndProject
Project("{FAE04EC0-301F-11D3-BF4B-00C04F79EFBC}") = "KS3", "KS3\KS3.csproj", "{6589DD45-643C-43B8-8D30-54D1FF82467F}"
EndProject
Project("{FAE04EC0-301F-11D3-BF4B-00C04F79EFBC}") = "a3ks3", "KS3\A3\a3ks3.csproj", "{544B0331-0B5D-48EC-96F8-F0AC8BD7EC32}"
EndProject
Project("{2150E333-8FDC-42A3-9474-1A3956D46DE8}") = "excel", "excel", "{D720B93C-E9CC-4BA1-8BAC-9A14E77777F4}"
EndProject
Project("{2150E333-8FDC-42A3-9474-1A3956D46DE8}") = "code", "code", "{504A9E4D-92EE-4AEA-B144-A2B187523476}"
EndProject
Project("{2150E333-8FDC-42A3-9474-1A3956D46DE8}") = "app", "app", "{DB4642A4-3E75-483D-9643-D99E310E0E7F}"
EndProject
Project("{FAE04EC0-301F-11D3-BF4B-00C04F79EFBC}") = "app.Android", "gui\app.Android\app.Android.csproj", "{15317A1A-F222-4D7A-9865-8AAF27241BDA}"
EndProject
Project("{FAE04EC0-301F-11D3-BF4B-00C04F79EFBC}") = "app.iOS", "gui\app.iOS\app.iOS.csproj", "{5796F902-CBC0-45B4-A342-43621A597D6D}"
EndProject
Project("{FAE04EC0-301F-11D3-BF4B-00C04F79EFBC}") = "app.Web", "gui\app.Web\app.Web.csproj", "{C478B8D2-3A6D-436D-ABE7-8010B9FAF73B}"
EndProject
Project("{FAE04EC0-301F-11D3-BF4B-00C04F79EFBC}") = "app", "gui\app\app.csproj", "{48224037-C134-44A7-B962-0FA840D4D1A3}"
EndProject
Project("{2150E333-8FDC-42A3-9474-1A3956D46DE8}") = "libnpoi", "libnpoi", "{679FDCF1-F0D6-46AB-B87A-19B306A63626}"
EndProject
Project("{FAE04EC0-301F-11D3-BF4B-00C04F79EFBC}") = "NPOI.Core", "npoi\main\NPOI.Core.csproj", "{375E0BB7-2A71-440C-8F84-3D858B22501A}"
EndProject
Project("{FAE04EC0-301F-11D3-BF4B-00C04F79EFBC}") = "NPOI.OOXML.Core", "npoi\ooxml\NPOI.OOXML.Core.csproj", "{54FEE852-8725-4AF6-9800-88EE373C3495}"
EndProject
Project("{FAE04EC0-301F-11D3-BF4B-00C04F79EFBC}") = "NPOI.OpenXml4Net.Core", "npoi\openxml4Net\NPOI.OpenXml4Net.Core.csproj", "{32C167AA-1978-4932-9F91-EDD4865BF164}"
EndProject
Project("{FAE04EC0-301F-11D3-BF4B-00C04F79EFBC}") = "NPOI.OpenXmlFormats.Core", "npoi\OpenXmlFormats\NPOI.OpenXmlFormats.Core.csproj", "{108EF9E9-D868-45BA-BA7A-E2AB3145CF9A}"
EndProject
Project("{FAE04EC0-301F-11D3-BF4B-00C04F79EFBC}") = "app.Android.native", "gui\app.Android.native\app.Android.native.csproj", "{3BAAE235-8752-4B8E-9AA9-51CC8596DD63}"
EndProject
Project("{FAE04EC0-301F-11D3-BF4B-00C04F79EFBC}") = "app.iOS.native", "gui\app.iOS.native\app.iOS.native.csproj", "{2A51E6F8-974F-49E1-9E31-B71DC1E91D02}"
EndProject
Project("{2150E333-8FDC-42A3-9474-1A3956D46DE8}") = "demo", "demo", "{E9BB60CA-C999-45E0-8844-1DEA5D1B6077}"
EndProject
Project("{FAE04EC0-301F-11D3-BF4B-00C04F79EFBC}") = "WorkingWithFiles", "WorkingWithFiles\WorkingWithFiles\WorkingWithFiles.csproj", "{3B3A90AB-2C90-410C-B7B2-EF8F1A9F72B2}"
EndProject
Project("{FAE04EC0-301F-11D3-BF4B-00C04F79EFBC}") = "WorkingWithFiles.Droid", "WorkingWithFiles\Android\WorkingWithFiles.Droid.csproj", "{6BBCFDC3-4C32-4951-BAF1-5C75ED317B71}"
EndProject
Project("{FAE04EC0-301F-11D3-BF4B-00C04F79EFBC}") = "WorkingWithFiles.iOS", "WorkingWithFiles\iOS\WorkingWithFiles.iOS.csproj", "{B28C2900-36EC-4C94-B59C-472D5AC5A08D}"
EndProject
Project("{9344BDBB-3E7F-41FC-A0DD-8665D75EE146}") = "ExcelDiff", "ExcelDiff\ExcelDiff.csproj", "{913FEBB9-6DA8-4C76-AA50-6BE0388DA0D9}"
EndProject
Project("{9344BDBB-3E7F-41FC-A0DD-8665D75EE146}") = "ExcelGrep", "ExcelGrep\ExcelGrep.csproj", "{78ED66D6-EBE8-480F-943C-3DFADE027D6C}"
EndProject
Project("{9344BDBB-3E7F-41FC-A0DD-8665D75EE146}") = "ExcelJpCollect", "ExcelJpCollect\ExcelJpCollect.csproj", "{AF3F77C8-AB4E-426C-98EC-174711235DD4}"
EndProject
Project("{9344BDBB-3E7F-41FC-A0DD-8665D75EE146}") = "ExcelJpReplace", "ExcelJpReplace\ExcelJpReplace.csproj", "{BF747EEC-27B3-48A6-80C9-2BAE0B333BDF}"
EndProject
Project("{9344BDBB-3E7F-41FC-A0DD-8665D75EE146}") = "ExcelReplaceStr", "ExcelReplaceStr\ExcelReplaceStr.csproj", "{FCC8D7D2-7932-4760-BE3F-03259498A4D6}"
EndProject
Project("{9344BDBB-3E7F-41FC-A0DD-8665D75EE146}") = "CodeJpCollect", "CodeJpCollect\CodeJpCollect.csproj", "{33231A4C-74C7-47C4-AC01-066A6A9F625C}"
EndProject
Project("{9344BDBB-3E7F-41FC-A0DD-8665D75EE146}") = "CodeJpReplace", "CodeJpReplace\CodeJpReplace.csproj", "{2A20B2C6-057F-41E4-8AF7-F69C3B4ECB86}"
EndProject
Project("{9344BDBB-3E7F-41FC-A0DD-8665D75EE146}") = "CodeZhCollect", "CodeZhCollect\CodeZhCollect.csproj", "{5AA57830-09AA-417F-BBF1-7753F2FCA216}"
EndProject
Project("{9344BDBB-3E7F-41FC-A0DD-8665D75EE146}") = "XmlJpCollect", "XmlJpCollect\XmlJpCollect.csproj", "{1E25E79B-27EF-4B79-94F4-DBE56D33AA6A}"
EndProject
Project("{9344BDBB-3E7F-41FC-A0DD-8665D75EE146}") = "XmlJpReplace", "XmlJpReplace\XmlJpReplace.csproj", "{2DB5F1B5-95A2-4384-A286-EB4E584F52B2}"
EndProject
Project("{9344BDBB-3E7F-41FC-A0DD-8665D75EE146}") = "XmlZhCollect", "XmlZhCollect\XmlZhCollect.csproj", "{9B102AE7-5804-48B1-B897-C061D3AD4BC4}"
EndProject
Project("{FAE04EC0-301F-11D3-BF4B-00C04F79EFBC}") = "app.OSX", "gui\app.OSX\app.OSX.csproj", "{2EDE9B56-D827-46E4-84FC-AB60DF230419}"
EndProject
Global
	GlobalSection(SharedMSBuildProjectFiles) = preSolution
		LibShared\LibShared.projitems*{3248ea5e-2185-4f83-bc61-e4a7306bddd1}*SharedItemsImports = 13
		NPOIExtension\NPOIExtension.projitems*{4d221f6f-077a-477e-9c55-f458641937f2}*SharedItemsImports = 13
		LibShared\LibShared.projitems*{55bbd4c0-ad4c-4f02-ba0b-c889e0f2c09c}*SharedItemsImports = 4
		NPOIExtension\NPOIExtension.projitems*{55bbd4c0-ad4c-4f02-ba0b-c889e0f2c09c}*SharedItemsImports = 4
		LibShared\LibShared.projitems*{761d4eb3-800b-466f-830d-9ae0284dd5c1}*SharedItemsImports = 4
		NPOIExtension\NPOIExtension.projitems*{761d4eb3-800b-466f-830d-9ae0284dd5c1}*SharedItemsImports = 4
		LibShared\LibShared.projitems*{aacf4226-1c12-4a7d-a248-fa0fb1ed4c38}*SharedItemsImports = 4
		LibShared\LibShared.projitems*{c7c7ccb6-c3b0-4660-b5ab-4f34cdc13aff}*SharedItemsImports = 4
		LibShared\LibShared.projitems*{ddb4c12a-633b-42c6-abdc-4a931be64d9a}*SharedItemsImports = 4
		LibShared\LibShared.projitems*{edff1fa0-35a8-4636-a352-e83732f5e542}*SharedItemsImports = 4
		LibShared\LibShared.projitems*{fd677aa7-754f-4f78-9b5f-c414b9c54a55}*SharedItemsImports = 4
		NPOIExtension\NPOIExtension.projitems*{fd677aa7-754f-4f78-9b5f-c414b9c54a55}*SharedItemsImports = 4
	EndGlobalSection
	GlobalSection(SolutionConfigurationPlatforms) = preSolution
		.net 2 Release|Any CPU = .net 2 Release|Any CPU
		.net 4 Release|Any CPU = .net 4 Release|Any CPU
		Debug|Any CPU = Debug|Any CPU
		Release|Any CPU = Release|Any CPU
		Debug|iPhoneSimulator = Debug|iPhoneSimulator
		Release|iPhoneSimulator = Release|iPhoneSimulator
		Debug|iPhone = Debug|iPhone
		Release|iPhone = Release|iPhone
		Ad-Hoc|iPhone = Ad-Hoc|iPhone
		AppStore|iPhone = AppStore|iPhone
	EndGlobalSection
	GlobalSection(ProjectConfigurationPlatforms) = postSolution
		{55BBD4C0-AD4C-4F02-BA0B-C889E0F2C09C}..net 2 Release|Any CPU.ActiveCfg = Debug|Any CPU
		{55BBD4C0-AD4C-4F02-BA0B-C889E0F2C09C}..net 2 Release|Any CPU.Build.0 = Debug|Any CPU
		{55BBD4C0-AD4C-4F02-BA0B-C889E0F2C09C}..net 4 Release|Any CPU.ActiveCfg = Debug|Any CPU
		{55BBD4C0-AD4C-4F02-BA0B-C889E0F2C09C}..net 4 Release|Any CPU.Build.0 = Debug|Any CPU
		{9A2C7D34-0697-31AB-4FD5-E250BB7E0F00}..net 2 Release|Any CPU.ActiveCfg = Debug|Any CPU
		{9A2C7D34-0697-31AB-4FD5-E250BB7E0F00}..net 2 Release|Any CPU.Build.0 = Debug|Any CPU
		{9A2C7D34-0697-31AB-4FD5-E250BB7E0F00}..net 4 Release|Any CPU.ActiveCfg = Debug|Any CPU
		{9A2C7D34-0697-31AB-4FD5-E250BB7E0F00}..net 4 Release|Any CPU.Build.0 = Debug|Any CPU
		{9A2C7D34-0697-31AB-4FD5-E250BB7E0F00}.Debug|Any CPU.ActiveCfg = Debug|Any CPU
		{9A2C7D34-0697-31AB-4FD5-E250BB7E0F00}.Debug|Any CPU.Build.0 = Debug|Any CPU
		{9A2C7D34-0697-31AB-4FD5-E250BB7E0F00}.Release|Any CPU.ActiveCfg = Release|Any CPU
		{9A2C7D34-0697-31AB-4FD5-E250BB7E0F00}.Release|Any CPU.Build.0 = Release|Any CPU
		{9A2C7D34-0697-31AB-4FD5-E250BB7E0F00}.Debug|iPhoneSimulator.ActiveCfg = Debug|Any CPU
		{9A2C7D34-0697-31AB-4FD5-E250BB7E0F00}.Debug|iPhoneSimulator.Build.0 = Debug|Any CPU
		{9A2C7D34-0697-31AB-4FD5-E250BB7E0F00}.Release|iPhoneSimulator.ActiveCfg = Release|Any CPU
		{9A2C7D34-0697-31AB-4FD5-E250BB7E0F00}.Release|iPhoneSimulator.Build.0 = Release|Any CPU
		{9A2C7D34-0697-31AB-4FD5-E250BB7E0F00}.Debug|iPhone.ActiveCfg = Debug|Any CPU
		{9A2C7D34-0697-31AB-4FD5-E250BB7E0F00}.Debug|iPhone.Build.0 = Debug|Any CPU
		{9A2C7D34-0697-31AB-4FD5-E250BB7E0F00}.Release|iPhone.ActiveCfg = Release|Any CPU
		{9A2C7D34-0697-31AB-4FD5-E250BB7E0F00}.Release|iPhone.Build.0 = Release|Any CPU
		{9A2C7D34-0697-31AB-4FD5-E250BB7E0F00}.Ad-Hoc|iPhone.ActiveCfg = Debug|Any CPU
		{9A2C7D34-0697-31AB-4FD5-E250BB7E0F00}.Ad-Hoc|iPhone.Build.0 = Debug|Any CPU
		{9A2C7D34-0697-31AB-4FD5-E250BB7E0F00}.AppStore|iPhone.ActiveCfg = Debug|Any CPU
		{9A2C7D34-0697-31AB-4FD5-E250BB7E0F00}.AppStore|iPhone.Build.0 = Debug|Any CPU
		{02B75C01-9C92-4DA4-9854-ED4B42C87D00}..net 2 Release|Any CPU.ActiveCfg = Debug|Any CPU
		{02B75C01-9C92-4DA4-9854-ED4B42C87D00}..net 2 Release|Any CPU.Build.0 = Debug|Any CPU
		{02B75C01-9C92-4DA4-9854-ED4B42C87D00}..net 4 Release|Any CPU.ActiveCfg = Debug|Any CPU
		{02B75C01-9C92-4DA4-9854-ED4B42C87D00}..net 4 Release|Any CPU.Build.0 = Debug|Any CPU
		{02B75C01-9C92-4DA4-9854-ED4B42C87D00}.Debug|Any CPU.ActiveCfg = Debug|Any CPU
		{02B75C01-9C92-4DA4-9854-ED4B42C87D00}.Debug|Any CPU.Build.0 = Debug|Any CPU
		{02B75C01-9C92-4DA4-9854-ED4B42C87D00}.Release|Any CPU.ActiveCfg = Release|Any CPU
		{02B75C01-9C92-4DA4-9854-ED4B42C87D00}.Release|Any CPU.Build.0 = Release|Any CPU
		{02B75C01-9C92-4DA4-9854-ED4B42C87D00}.Debug|iPhoneSimulator.ActiveCfg = Debug|Any CPU
		{02B75C01-9C92-4DA4-9854-ED4B42C87D00}.Debug|iPhoneSimulator.Build.0 = Debug|Any CPU
		{02B75C01-9C92-4DA4-9854-ED4B42C87D00}.Release|iPhoneSimulator.ActiveCfg = Release|Any CPU
		{02B75C01-9C92-4DA4-9854-ED4B42C87D00}.Release|iPhoneSimulator.Build.0 = Release|Any CPU
		{02B75C01-9C92-4DA4-9854-ED4B42C87D00}.Debug|iPhone.ActiveCfg = Debug|Any CPU
		{02B75C01-9C92-4DA4-9854-ED4B42C87D00}.Debug|iPhone.Build.0 = Debug|Any CPU
		{02B75C01-9C92-4DA4-9854-ED4B42C87D00}.Release|iPhone.ActiveCfg = Release|Any CPU
		{02B75C01-9C92-4DA4-9854-ED4B42C87D00}.Release|iPhone.Build.0 = Release|Any CPU
		{02B75C01-9C92-4DA4-9854-ED4B42C87D00}.Ad-Hoc|iPhone.ActiveCfg = Debug|Any CPU
		{02B75C01-9C92-4DA4-9854-ED4B42C87D00}.Ad-Hoc|iPhone.Build.0 = Debug|Any CPU
		{02B75C01-9C92-4DA4-9854-ED4B42C87D00}.AppStore|iPhone.ActiveCfg = Debug|Any CPU
		{02B75C01-9C92-4DA4-9854-ED4B42C87D00}.AppStore|iPhone.Build.0 = Debug|Any CPU
		{6589DD45-643C-43B8-8D30-54D1FF82467F}..net 2 Release|Any CPU.ActiveCfg = Debug|x86
		{6589DD45-643C-43B8-8D30-54D1FF82467F}..net 2 Release|Any CPU.Build.0 = Debug|x86
		{6589DD45-643C-43B8-8D30-54D1FF82467F}..net 4 Release|Any CPU.ActiveCfg = Debug|x86
		{6589DD45-643C-43B8-8D30-54D1FF82467F}..net 4 Release|Any CPU.Build.0 = Debug|x86
		{6589DD45-643C-43B8-8D30-54D1FF82467F}.Debug|Any CPU.ActiveCfg = Debug|x86
		{6589DD45-643C-43B8-8D30-54D1FF82467F}.Debug|Any CPU.Build.0 = Debug|x86
		{6589DD45-643C-43B8-8D30-54D1FF82467F}.Release|Any CPU.ActiveCfg = Release|x86
		{6589DD45-643C-43B8-8D30-54D1FF82467F}.Release|Any CPU.Build.0 = Release|x86
		{6589DD45-643C-43B8-8D30-54D1FF82467F}.Debug|iPhoneSimulator.ActiveCfg = Debug|x86
		{6589DD45-643C-43B8-8D30-54D1FF82467F}.Debug|iPhoneSimulator.Build.0 = Debug|x86
		{6589DD45-643C-43B8-8D30-54D1FF82467F}.Release|iPhoneSimulator.ActiveCfg = Release|x86
		{6589DD45-643C-43B8-8D30-54D1FF82467F}.Release|iPhoneSimulator.Build.0 = Release|x86
		{6589DD45-643C-43B8-8D30-54D1FF82467F}.Debug|iPhone.ActiveCfg = Debug|x86
		{6589DD45-643C-43B8-8D30-54D1FF82467F}.Debug|iPhone.Build.0 = Debug|x86
		{6589DD45-643C-43B8-8D30-54D1FF82467F}.Release|iPhone.ActiveCfg = Release|x86
		{6589DD45-643C-43B8-8D30-54D1FF82467F}.Release|iPhone.Build.0 = Release|x86
		{6589DD45-643C-43B8-8D30-54D1FF82467F}.Ad-Hoc|iPhone.ActiveCfg = Debug|x86
		{6589DD45-643C-43B8-8D30-54D1FF82467F}.Ad-Hoc|iPhone.Build.0 = Debug|x86
		{6589DD45-643C-43B8-8D30-54D1FF82467F}.AppStore|iPhone.ActiveCfg = Debug|x86
		{6589DD45-643C-43B8-8D30-54D1FF82467F}.AppStore|iPhone.Build.0 = Debug|x86
		{544B0331-0B5D-48EC-96F8-F0AC8BD7EC32}..net 2 Release|Any CPU.ActiveCfg = Debug|Any CPU
		{544B0331-0B5D-48EC-96F8-F0AC8BD7EC32}..net 2 Release|Any CPU.Build.0 = Debug|Any CPU
		{544B0331-0B5D-48EC-96F8-F0AC8BD7EC32}..net 4 Release|Any CPU.ActiveCfg = Debug|Any CPU
		{544B0331-0B5D-48EC-96F8-F0AC8BD7EC32}..net 4 Release|Any CPU.Build.0 = Debug|Any CPU
		{544B0331-0B5D-48EC-96F8-F0AC8BD7EC32}.Debug|Any CPU.ActiveCfg = Debug|Any CPU
		{544B0331-0B5D-48EC-96F8-F0AC8BD7EC32}.Debug|Any CPU.Build.0 = Debug|Any CPU
		{544B0331-0B5D-48EC-96F8-F0AC8BD7EC32}.Release|Any CPU.ActiveCfg = Release|Any CPU
		{544B0331-0B5D-48EC-96F8-F0AC8BD7EC32}.Release|Any CPU.Build.0 = Release|Any CPU
		{544B0331-0B5D-48EC-96F8-F0AC8BD7EC32}.Debug|iPhoneSimulator.ActiveCfg = Debug|Any CPU
		{544B0331-0B5D-48EC-96F8-F0AC8BD7EC32}.Debug|iPhoneSimulator.Build.0 = Debug|Any CPU
		{544B0331-0B5D-48EC-96F8-F0AC8BD7EC32}.Release|iPhoneSimulator.ActiveCfg = Release|Any CPU
		{544B0331-0B5D-48EC-96F8-F0AC8BD7EC32}.Release|iPhoneSimulator.Build.0 = Release|Any CPU
		{544B0331-0B5D-48EC-96F8-F0AC8BD7EC32}.Debug|iPhone.ActiveCfg = Debug|Any CPU
		{544B0331-0B5D-48EC-96F8-F0AC8BD7EC32}.Debug|iPhone.Build.0 = Debug|Any CPU
		{544B0331-0B5D-48EC-96F8-F0AC8BD7EC32}.Release|iPhone.ActiveCfg = Release|Any CPU
		{544B0331-0B5D-48EC-96F8-F0AC8BD7EC32}.Release|iPhone.Build.0 = Release|Any CPU
		{544B0331-0B5D-48EC-96F8-F0AC8BD7EC32}.Ad-Hoc|iPhone.ActiveCfg = Debug|Any CPU
		{544B0331-0B5D-48EC-96F8-F0AC8BD7EC32}.Ad-Hoc|iPhone.Build.0 = Debug|Any CPU
		{544B0331-0B5D-48EC-96F8-F0AC8BD7EC32}.AppStore|iPhone.ActiveCfg = Debug|Any CPU
		{544B0331-0B5D-48EC-96F8-F0AC8BD7EC32}.AppStore|iPhone.Build.0 = Debug|Any CPU
		{15317A1A-F222-4D7A-9865-8AAF27241BDA}..net 2 Release|Any CPU.ActiveCfg = Debug|Any CPU
		{15317A1A-F222-4D7A-9865-8AAF27241BDA}..net 2 Release|Any CPU.Build.0 = Debug|Any CPU
		{15317A1A-F222-4D7A-9865-8AAF27241BDA}..net 4 Release|Any CPU.ActiveCfg = Debug|Any CPU
		{15317A1A-F222-4D7A-9865-8AAF27241BDA}..net 4 Release|Any CPU.Build.0 = Debug|Any CPU
		{15317A1A-F222-4D7A-9865-8AAF27241BDA}.Debug|Any CPU.ActiveCfg = Debug|Any CPU
		{15317A1A-F222-4D7A-9865-8AAF27241BDA}.Debug|Any CPU.Build.0 = Debug|Any CPU
		{15317A1A-F222-4D7A-9865-8AAF27241BDA}.Release|Any CPU.ActiveCfg = Release|Any CPU
		{15317A1A-F222-4D7A-9865-8AAF27241BDA}.Release|Any CPU.Build.0 = Release|Any CPU
		{15317A1A-F222-4D7A-9865-8AAF27241BDA}.Debug|iPhoneSimulator.ActiveCfg = Debug|Any CPU
		{15317A1A-F222-4D7A-9865-8AAF27241BDA}.Debug|iPhoneSimulator.Build.0 = Debug|Any CPU
		{15317A1A-F222-4D7A-9865-8AAF27241BDA}.Release|iPhoneSimulator.ActiveCfg = Release|Any CPU
		{15317A1A-F222-4D7A-9865-8AAF27241BDA}.Release|iPhoneSimulator.Build.0 = Release|Any CPU
		{15317A1A-F222-4D7A-9865-8AAF27241BDA}.Debug|iPhone.ActiveCfg = Debug|Any CPU
		{15317A1A-F222-4D7A-9865-8AAF27241BDA}.Debug|iPhone.Build.0 = Debug|Any CPU
		{15317A1A-F222-4D7A-9865-8AAF27241BDA}.Release|iPhone.ActiveCfg = Release|Any CPU
		{15317A1A-F222-4D7A-9865-8AAF27241BDA}.Release|iPhone.Build.0 = Release|Any CPU
		{15317A1A-F222-4D7A-9865-8AAF27241BDA}.Ad-Hoc|iPhone.ActiveCfg = Debug|Any CPU
		{15317A1A-F222-4D7A-9865-8AAF27241BDA}.Ad-Hoc|iPhone.Build.0 = Debug|Any CPU
		{15317A1A-F222-4D7A-9865-8AAF27241BDA}.AppStore|iPhone.ActiveCfg = Debug|Any CPU
		{15317A1A-F222-4D7A-9865-8AAF27241BDA}.AppStore|iPhone.Build.0 = Debug|Any CPU
		{5796F902-CBC0-45B4-A342-43621A597D6D}..net 2 Release|Any CPU.ActiveCfg = Debug|iPhoneSimulator
		{5796F902-CBC0-45B4-A342-43621A597D6D}..net 2 Release|Any CPU.Build.0 = Debug|iPhoneSimulator
		{5796F902-CBC0-45B4-A342-43621A597D6D}..net 4 Release|Any CPU.ActiveCfg = Debug|iPhoneSimulator
		{5796F902-CBC0-45B4-A342-43621A597D6D}..net 4 Release|Any CPU.Build.0 = Debug|iPhoneSimulator
		{5796F902-CBC0-45B4-A342-43621A597D6D}.Debug|Any CPU.ActiveCfg = Debug|iPhoneSimulator
		{5796F902-CBC0-45B4-A342-43621A597D6D}.Debug|Any CPU.Build.0 = Debug|iPhoneSimulator
		{5796F902-CBC0-45B4-A342-43621A597D6D}.Release|Any CPU.ActiveCfg = Release|iPhoneSimulator
		{5796F902-CBC0-45B4-A342-43621A597D6D}.Release|Any CPU.Build.0 = Release|iPhoneSimulator
		{5796F902-CBC0-45B4-A342-43621A597D6D}.Debug|iPhoneSimulator.ActiveCfg = Debug|iPhoneSimulator
		{5796F902-CBC0-45B4-A342-43621A597D6D}.Debug|iPhoneSimulator.Build.0 = Debug|iPhoneSimulator
		{5796F902-CBC0-45B4-A342-43621A597D6D}.Release|iPhoneSimulator.ActiveCfg = Release|iPhoneSimulator
		{5796F902-CBC0-45B4-A342-43621A597D6D}.Release|iPhoneSimulator.Build.0 = Release|iPhoneSimulator
		{5796F902-CBC0-45B4-A342-43621A597D6D}.Debug|iPhone.ActiveCfg = Debug|iPhone
		{5796F902-CBC0-45B4-A342-43621A597D6D}.Debug|iPhone.Build.0 = Debug|iPhone
		{5796F902-CBC0-45B4-A342-43621A597D6D}.Release|iPhone.ActiveCfg = Release|iPhone
		{5796F902-CBC0-45B4-A342-43621A597D6D}.Release|iPhone.Build.0 = Release|iPhone
		{5796F902-CBC0-45B4-A342-43621A597D6D}.Ad-Hoc|iPhone.ActiveCfg = Debug|iPhone
		{5796F902-CBC0-45B4-A342-43621A597D6D}.Ad-Hoc|iPhone.Build.0 = Debug|iPhone
		{5796F902-CBC0-45B4-A342-43621A597D6D}.AppStore|iPhone.ActiveCfg = Debug|iPhone
		{5796F902-CBC0-45B4-A342-43621A597D6D}.AppStore|iPhone.Build.0 = Debug|iPhone
		{C478B8D2-3A6D-436D-ABE7-8010B9FAF73B}..net 2 Release|Any CPU.ActiveCfg = Debug|Any CPU
		{C478B8D2-3A6D-436D-ABE7-8010B9FAF73B}..net 2 Release|Any CPU.Build.0 = Debug|Any CPU
		{C478B8D2-3A6D-436D-ABE7-8010B9FAF73B}..net 4 Release|Any CPU.ActiveCfg = Debug|Any CPU
		{C478B8D2-3A6D-436D-ABE7-8010B9FAF73B}..net 4 Release|Any CPU.Build.0 = Debug|Any CPU
		{C478B8D2-3A6D-436D-ABE7-8010B9FAF73B}.Debug|Any CPU.ActiveCfg = Debug|Any CPU
		{C478B8D2-3A6D-436D-ABE7-8010B9FAF73B}.Debug|Any CPU.Build.0 = Debug|Any CPU
		{C478B8D2-3A6D-436D-ABE7-8010B9FAF73B}.Release|Any CPU.ActiveCfg = Release|Any CPU
		{C478B8D2-3A6D-436D-ABE7-8010B9FAF73B}.Release|Any CPU.Build.0 = Release|Any CPU
		{C478B8D2-3A6D-436D-ABE7-8010B9FAF73B}.Debug|iPhoneSimulator.ActiveCfg = Debug|Any CPU
		{C478B8D2-3A6D-436D-ABE7-8010B9FAF73B}.Debug|iPhoneSimulator.Build.0 = Debug|Any CPU
		{C478B8D2-3A6D-436D-ABE7-8010B9FAF73B}.Release|iPhoneSimulator.ActiveCfg = Release|Any CPU
		{C478B8D2-3A6D-436D-ABE7-8010B9FAF73B}.Release|iPhoneSimulator.Build.0 = Release|Any CPU
		{C478B8D2-3A6D-436D-ABE7-8010B9FAF73B}.Debug|iPhone.ActiveCfg = Debug|Any CPU
		{C478B8D2-3A6D-436D-ABE7-8010B9FAF73B}.Debug|iPhone.Build.0 = Debug|Any CPU
		{C478B8D2-3A6D-436D-ABE7-8010B9FAF73B}.Release|iPhone.ActiveCfg = Release|Any CPU
		{C478B8D2-3A6D-436D-ABE7-8010B9FAF73B}.Release|iPhone.Build.0 = Release|Any CPU
		{C478B8D2-3A6D-436D-ABE7-8010B9FAF73B}.Ad-Hoc|iPhone.ActiveCfg = Debug|Any CPU
		{C478B8D2-3A6D-436D-ABE7-8010B9FAF73B}.Ad-Hoc|iPhone.Build.0 = Debug|Any CPU
		{C478B8D2-3A6D-436D-ABE7-8010B9FAF73B}.AppStore|iPhone.ActiveCfg = Debug|Any CPU
		{C478B8D2-3A6D-436D-ABE7-8010B9FAF73B}.AppStore|iPhone.Build.0 = Debug|Any CPU
		{48224037-C134-44A7-B962-0FA840D4D1A3}..net 2 Release|Any CPU.ActiveCfg = Debug|Any CPU
		{48224037-C134-44A7-B962-0FA840D4D1A3}..net 2 Release|Any CPU.Build.0 = Debug|Any CPU
		{48224037-C134-44A7-B962-0FA840D4D1A3}..net 4 Release|Any CPU.ActiveCfg = Debug|Any CPU
		{48224037-C134-44A7-B962-0FA840D4D1A3}..net 4 Release|Any CPU.Build.0 = Debug|Any CPU
		{48224037-C134-44A7-B962-0FA840D4D1A3}.Debug|Any CPU.ActiveCfg = Debug|Any CPU
		{48224037-C134-44A7-B962-0FA840D4D1A3}.Debug|Any CPU.Build.0 = Debug|Any CPU
		{48224037-C134-44A7-B962-0FA840D4D1A3}.Release|Any CPU.ActiveCfg = Release|Any CPU
		{48224037-C134-44A7-B962-0FA840D4D1A3}.Release|Any CPU.Build.0 = Release|Any CPU
		{48224037-C134-44A7-B962-0FA840D4D1A3}.Debug|iPhoneSimulator.ActiveCfg = Debug|Any CPU
		{48224037-C134-44A7-B962-0FA840D4D1A3}.Debug|iPhoneSimulator.Build.0 = Debug|Any CPU
		{48224037-C134-44A7-B962-0FA840D4D1A3}.Release|iPhoneSimulator.ActiveCfg = Release|Any CPU
		{48224037-C134-44A7-B962-0FA840D4D1A3}.Release|iPhoneSimulator.Build.0 = Release|Any CPU
		{48224037-C134-44A7-B962-0FA840D4D1A3}.Debug|iPhone.ActiveCfg = Debug|Any CPU
		{48224037-C134-44A7-B962-0FA840D4D1A3}.Debug|iPhone.Build.0 = Debug|Any CPU
		{48224037-C134-44A7-B962-0FA840D4D1A3}.Release|iPhone.ActiveCfg = Release|Any CPU
		{48224037-C134-44A7-B962-0FA840D4D1A3}.Release|iPhone.Build.0 = Release|Any CPU
		{48224037-C134-44A7-B962-0FA840D4D1A3}.Ad-Hoc|iPhone.ActiveCfg = Debug|Any CPU
		{48224037-C134-44A7-B962-0FA840D4D1A3}.Ad-Hoc|iPhone.Build.0 = Debug|Any CPU
		{48224037-C134-44A7-B962-0FA840D4D1A3}.AppStore|iPhone.ActiveCfg = Debug|Any CPU
		{48224037-C134-44A7-B962-0FA840D4D1A3}.AppStore|iPhone.Build.0 = Debug|Any CPU
		{375E0BB7-2A71-440C-8F84-3D858B22501A}..net 2 Release|Any CPU.ActiveCfg = Debug|Any CPU
		{375E0BB7-2A71-440C-8F84-3D858B22501A}..net 2 Release|Any CPU.Build.0 = Debug|Any CPU
		{375E0BB7-2A71-440C-8F84-3D858B22501A}..net 4 Release|Any CPU.ActiveCfg = Debug|Any CPU
		{375E0BB7-2A71-440C-8F84-3D858B22501A}..net 4 Release|Any CPU.Build.0 = Debug|Any CPU
		{375E0BB7-2A71-440C-8F84-3D858B22501A}.Debug|Any CPU.ActiveCfg = Debug|Any CPU
		{375E0BB7-2A71-440C-8F84-3D858B22501A}.Debug|Any CPU.Build.0 = Debug|Any CPU
		{375E0BB7-2A71-440C-8F84-3D858B22501A}.Release|Any CPU.ActiveCfg = Release|Any CPU
		{375E0BB7-2A71-440C-8F84-3D858B22501A}.Release|Any CPU.Build.0 = Release|Any CPU
		{375E0BB7-2A71-440C-8F84-3D858B22501A}.Debug|iPhoneSimulator.ActiveCfg = Debug|Any CPU
		{375E0BB7-2A71-440C-8F84-3D858B22501A}.Debug|iPhoneSimulator.Build.0 = Debug|Any CPU
		{375E0BB7-2A71-440C-8F84-3D858B22501A}.Release|iPhoneSimulator.ActiveCfg = Release|Any CPU
		{375E0BB7-2A71-440C-8F84-3D858B22501A}.Release|iPhoneSimulator.Build.0 = Release|Any CPU
		{375E0BB7-2A71-440C-8F84-3D858B22501A}.Debug|iPhone.ActiveCfg = Debug|Any CPU
		{375E0BB7-2A71-440C-8F84-3D858B22501A}.Debug|iPhone.Build.0 = Debug|Any CPU
		{375E0BB7-2A71-440C-8F84-3D858B22501A}.Release|iPhone.ActiveCfg = Release|Any CPU
		{375E0BB7-2A71-440C-8F84-3D858B22501A}.Release|iPhone.Build.0 = Release|Any CPU
		{375E0BB7-2A71-440C-8F84-3D858B22501A}.Ad-Hoc|iPhone.ActiveCfg = Debug|Any CPU
		{375E0BB7-2A71-440C-8F84-3D858B22501A}.Ad-Hoc|iPhone.Build.0 = Debug|Any CPU
		{375E0BB7-2A71-440C-8F84-3D858B22501A}.AppStore|iPhone.ActiveCfg = Debug|Any CPU
		{375E0BB7-2A71-440C-8F84-3D858B22501A}.AppStore|iPhone.Build.0 = Debug|Any CPU
		{54FEE852-8725-4AF6-9800-88EE373C3495}..net 2 Release|Any CPU.ActiveCfg = Debug|Any CPU
		{54FEE852-8725-4AF6-9800-88EE373C3495}..net 2 Release|Any CPU.Build.0 = Debug|Any CPU
		{54FEE852-8725-4AF6-9800-88EE373C3495}..net 4 Release|Any CPU.ActiveCfg = Debug|Any CPU
		{54FEE852-8725-4AF6-9800-88EE373C3495}..net 4 Release|Any CPU.Build.0 = Debug|Any CPU
		{54FEE852-8725-4AF6-9800-88EE373C3495}.Debug|Any CPU.ActiveCfg = Debug|Any CPU
		{54FEE852-8725-4AF6-9800-88EE373C3495}.Debug|Any CPU.Build.0 = Debug|Any CPU
		{54FEE852-8725-4AF6-9800-88EE373C3495}.Release|Any CPU.ActiveCfg = Release|Any CPU
		{54FEE852-8725-4AF6-9800-88EE373C3495}.Release|Any CPU.Build.0 = Release|Any CPU
		{54FEE852-8725-4AF6-9800-88EE373C3495}.Debug|iPhoneSimulator.ActiveCfg = Debug|Any CPU
		{54FEE852-8725-4AF6-9800-88EE373C3495}.Debug|iPhoneSimulator.Build.0 = Debug|Any CPU
		{54FEE852-8725-4AF6-9800-88EE373C3495}.Release|iPhoneSimulator.ActiveCfg = Release|Any CPU
		{54FEE852-8725-4AF6-9800-88EE373C3495}.Release|iPhoneSimulator.Build.0 = Release|Any CPU
		{54FEE852-8725-4AF6-9800-88EE373C3495}.Debug|iPhone.ActiveCfg = Debug|Any CPU
		{54FEE852-8725-4AF6-9800-88EE373C3495}.Debug|iPhone.Build.0 = Debug|Any CPU
		{54FEE852-8725-4AF6-9800-88EE373C3495}.Release|iPhone.ActiveCfg = Release|Any CPU
		{54FEE852-8725-4AF6-9800-88EE373C3495}.Release|iPhone.Build.0 = Release|Any CPU
		{54FEE852-8725-4AF6-9800-88EE373C3495}.Ad-Hoc|iPhone.ActiveCfg = Release|Any CPU
		{54FEE852-8725-4AF6-9800-88EE373C3495}.Ad-Hoc|iPhone.Build.0 = Release|Any CPU
		{54FEE852-8725-4AF6-9800-88EE373C3495}.AppStore|iPhone.ActiveCfg = Release|Any CPU
		{54FEE852-8725-4AF6-9800-88EE373C3495}.AppStore|iPhone.Build.0 = Release|Any CPU
		{32C167AA-1978-4932-9F91-EDD4865BF164}..net 2 Release|Any CPU.ActiveCfg = Debug|Any CPU
		{32C167AA-1978-4932-9F91-EDD4865BF164}..net 2 Release|Any CPU.Build.0 = Debug|Any CPU
		{32C167AA-1978-4932-9F91-EDD4865BF164}..net 4 Release|Any CPU.ActiveCfg = Debug|Any CPU
		{32C167AA-1978-4932-9F91-EDD4865BF164}..net 4 Release|Any CPU.Build.0 = Debug|Any CPU
		{32C167AA-1978-4932-9F91-EDD4865BF164}.Debug|Any CPU.ActiveCfg = Debug|Any CPU
		{32C167AA-1978-4932-9F91-EDD4865BF164}.Debug|Any CPU.Build.0 = Debug|Any CPU
		{32C167AA-1978-4932-9F91-EDD4865BF164}.Release|Any CPU.ActiveCfg = Release|Any CPU
		{32C167AA-1978-4932-9F91-EDD4865BF164}.Release|Any CPU.Build.0 = Release|Any CPU
		{32C167AA-1978-4932-9F91-EDD4865BF164}.Debug|iPhoneSimulator.ActiveCfg = Debug|Any CPU
		{32C167AA-1978-4932-9F91-EDD4865BF164}.Debug|iPhoneSimulator.Build.0 = Debug|Any CPU
		{32C167AA-1978-4932-9F91-EDD4865BF164}.Release|iPhoneSimulator.ActiveCfg = Release|Any CPU
		{32C167AA-1978-4932-9F91-EDD4865BF164}.Release|iPhoneSimulator.Build.0 = Release|Any CPU
		{32C167AA-1978-4932-9F91-EDD4865BF164}.Debug|iPhone.ActiveCfg = Debug|Any CPU
		{32C167AA-1978-4932-9F91-EDD4865BF164}.Debug|iPhone.Build.0 = Debug|Any CPU
		{32C167AA-1978-4932-9F91-EDD4865BF164}.Release|iPhone.ActiveCfg = Release|Any CPU
		{32C167AA-1978-4932-9F91-EDD4865BF164}.Release|iPhone.Build.0 = Release|Any CPU
		{32C167AA-1978-4932-9F91-EDD4865BF164}.Ad-Hoc|iPhone.ActiveCfg = Debug|Any CPU
		{32C167AA-1978-4932-9F91-EDD4865BF164}.Ad-Hoc|iPhone.Build.0 = Debug|Any CPU
		{32C167AA-1978-4932-9F91-EDD4865BF164}.AppStore|iPhone.ActiveCfg = Debug|Any CPU
		{32C167AA-1978-4932-9F91-EDD4865BF164}.AppStore|iPhone.Build.0 = Debug|Any CPU
		{108EF9E9-D868-45BA-BA7A-E2AB3145CF9A}..net 2 Release|Any CPU.ActiveCfg = Debug|Any CPU
		{108EF9E9-D868-45BA-BA7A-E2AB3145CF9A}..net 2 Release|Any CPU.Build.0 = Debug|Any CPU
		{108EF9E9-D868-45BA-BA7A-E2AB3145CF9A}..net 4 Release|Any CPU.ActiveCfg = Debug|Any CPU
		{108EF9E9-D868-45BA-BA7A-E2AB3145CF9A}..net 4 Release|Any CPU.Build.0 = Debug|Any CPU
		{108EF9E9-D868-45BA-BA7A-E2AB3145CF9A}.Debug|Any CPU.ActiveCfg = Debug|Any CPU
		{108EF9E9-D868-45BA-BA7A-E2AB3145CF9A}.Debug|Any CPU.Build.0 = Debug|Any CPU
		{108EF9E9-D868-45BA-BA7A-E2AB3145CF9A}.Release|Any CPU.ActiveCfg = Release|Any CPU
		{108EF9E9-D868-45BA-BA7A-E2AB3145CF9A}.Release|Any CPU.Build.0 = Release|Any CPU
		{108EF9E9-D868-45BA-BA7A-E2AB3145CF9A}.Debug|iPhoneSimulator.ActiveCfg = Debug|Any CPU
		{108EF9E9-D868-45BA-BA7A-E2AB3145CF9A}.Debug|iPhoneSimulator.Build.0 = Debug|Any CPU
		{108EF9E9-D868-45BA-BA7A-E2AB3145CF9A}.Release|iPhoneSimulator.ActiveCfg = Release|Any CPU
		{108EF9E9-D868-45BA-BA7A-E2AB3145CF9A}.Release|iPhoneSimulator.Build.0 = Release|Any CPU
		{108EF9E9-D868-45BA-BA7A-E2AB3145CF9A}.Debug|iPhone.ActiveCfg = Debug|Any CPU
		{108EF9E9-D868-45BA-BA7A-E2AB3145CF9A}.Debug|iPhone.Build.0 = Debug|Any CPU
		{108EF9E9-D868-45BA-BA7A-E2AB3145CF9A}.Release|iPhone.ActiveCfg = Release|Any CPU
		{108EF9E9-D868-45BA-BA7A-E2AB3145CF9A}.Release|iPhone.Build.0 = Release|Any CPU
		{108EF9E9-D868-45BA-BA7A-E2AB3145CF9A}.Ad-Hoc|iPhone.ActiveCfg = Debug|Any CPU
		{108EF9E9-D868-45BA-BA7A-E2AB3145CF9A}.Ad-Hoc|iPhone.Build.0 = Debug|Any CPU
		{108EF9E9-D868-45BA-BA7A-E2AB3145CF9A}.AppStore|iPhone.ActiveCfg = Debug|Any CPU
		{108EF9E9-D868-45BA-BA7A-E2AB3145CF9A}.AppStore|iPhone.Build.0 = Debug|Any CPU
		{3BAAE235-8752-4B8E-9AA9-51CC8596DD63}..net 2 Release|Any CPU.ActiveCfg = Debug|Any CPU
		{3BAAE235-8752-4B8E-9AA9-51CC8596DD63}..net 2 Release|Any CPU.Build.0 = Debug|Any CPU
		{3BAAE235-8752-4B8E-9AA9-51CC8596DD63}..net 4 Release|Any CPU.ActiveCfg = Debug|Any CPU
		{3BAAE235-8752-4B8E-9AA9-51CC8596DD63}..net 4 Release|Any CPU.Build.0 = Debug|Any CPU
		{3BAAE235-8752-4B8E-9AA9-51CC8596DD63}.Debug|Any CPU.ActiveCfg = Debug|Any CPU
		{3BAAE235-8752-4B8E-9AA9-51CC8596DD63}.Debug|Any CPU.Build.0 = Debug|Any CPU
		{3BAAE235-8752-4B8E-9AA9-51CC8596DD63}.Release|Any CPU.ActiveCfg = Release|Any CPU
		{3BAAE235-8752-4B8E-9AA9-51CC8596DD63}.Release|Any CPU.Build.0 = Release|Any CPU
		{3BAAE235-8752-4B8E-9AA9-51CC8596DD63}.Debug|iPhoneSimulator.ActiveCfg = Debug|Any CPU
		{3BAAE235-8752-4B8E-9AA9-51CC8596DD63}.Debug|iPhoneSimulator.Build.0 = Debug|Any CPU
		{3BAAE235-8752-4B8E-9AA9-51CC8596DD63}.Release|iPhoneSimulator.ActiveCfg = Release|Any CPU
		{3BAAE235-8752-4B8E-9AA9-51CC8596DD63}.Release|iPhoneSimulator.Build.0 = Release|Any CPU
		{3BAAE235-8752-4B8E-9AA9-51CC8596DD63}.Debug|iPhone.ActiveCfg = Debug|Any CPU
		{3BAAE235-8752-4B8E-9AA9-51CC8596DD63}.Debug|iPhone.Build.0 = Debug|Any CPU
		{3BAAE235-8752-4B8E-9AA9-51CC8596DD63}.Release|iPhone.ActiveCfg = Release|Any CPU
		{3BAAE235-8752-4B8E-9AA9-51CC8596DD63}.Release|iPhone.Build.0 = Release|Any CPU
		{3BAAE235-8752-4B8E-9AA9-51CC8596DD63}.Ad-Hoc|iPhone.ActiveCfg = Debug|Any CPU
		{3BAAE235-8752-4B8E-9AA9-51CC8596DD63}.Ad-Hoc|iPhone.Build.0 = Debug|Any CPU
		{3BAAE235-8752-4B8E-9AA9-51CC8596DD63}.AppStore|iPhone.ActiveCfg = Debug|Any CPU
		{3BAAE235-8752-4B8E-9AA9-51CC8596DD63}.AppStore|iPhone.Build.0 = Debug|Any CPU
		{2A51E6F8-974F-49E1-9E31-B71DC1E91D02}..net 2 Release|Any CPU.ActiveCfg = Debug|Any CPU
		{2A51E6F8-974F-49E1-9E31-B71DC1E91D02}..net 2 Release|Any CPU.Build.0 = Debug|Any CPU
		{2A51E6F8-974F-49E1-9E31-B71DC1E91D02}..net 4 Release|Any CPU.ActiveCfg = Debug|Any CPU
		{2A51E6F8-974F-49E1-9E31-B71DC1E91D02}..net 4 Release|Any CPU.Build.0 = Debug|Any CPU
		{2A51E6F8-974F-49E1-9E31-B71DC1E91D02}.Debug|Any CPU.ActiveCfg = Debug|Any CPU
		{2A51E6F8-974F-49E1-9E31-B71DC1E91D02}.Debug|Any CPU.Build.0 = Debug|Any CPU
		{2A51E6F8-974F-49E1-9E31-B71DC1E91D02}.Release|Any CPU.ActiveCfg = Release|Any CPU
		{2A51E6F8-974F-49E1-9E31-B71DC1E91D02}.Release|Any CPU.Build.0 = Release|Any CPU
		{2A51E6F8-974F-49E1-9E31-B71DC1E91D02}.Debug|iPhoneSimulator.ActiveCfg = Debug|Any CPU
		{2A51E6F8-974F-49E1-9E31-B71DC1E91D02}.Debug|iPhoneSimulator.Build.0 = Debug|Any CPU
		{2A51E6F8-974F-49E1-9E31-B71DC1E91D02}.Release|iPhoneSimulator.ActiveCfg = Release|Any CPU
		{2A51E6F8-974F-49E1-9E31-B71DC1E91D02}.Release|iPhoneSimulator.Build.0 = Release|Any CPU
		{2A51E6F8-974F-49E1-9E31-B71DC1E91D02}.Debug|iPhone.ActiveCfg = Debug|Any CPU
		{2A51E6F8-974F-49E1-9E31-B71DC1E91D02}.Debug|iPhone.Build.0 = Debug|Any CPU
		{2A51E6F8-974F-49E1-9E31-B71DC1E91D02}.Release|iPhone.ActiveCfg = Release|Any CPU
		{2A51E6F8-974F-49E1-9E31-B71DC1E91D02}.Release|iPhone.Build.0 = Release|Any CPU
		{2A51E6F8-974F-49E1-9E31-B71DC1E91D02}.Ad-Hoc|iPhone.ActiveCfg = Debug|Any CPU
		{2A51E6F8-974F-49E1-9E31-B71DC1E91D02}.Ad-Hoc|iPhone.Build.0 = Debug|Any CPU
		{2A51E6F8-974F-49E1-9E31-B71DC1E91D02}.AppStore|iPhone.ActiveCfg = Debug|Any CPU
		{2A51E6F8-974F-49E1-9E31-B71DC1E91D02}.AppStore|iPhone.Build.0 = Debug|Any CPU
		{3B3A90AB-2C90-410C-B7B2-EF8F1A9F72B2}..net 2 Release|Any CPU.ActiveCfg = Debug|Any CPU
		{3B3A90AB-2C90-410C-B7B2-EF8F1A9F72B2}..net 2 Release|Any CPU.Build.0 = Debug|Any CPU
		{3B3A90AB-2C90-410C-B7B2-EF8F1A9F72B2}..net 4 Release|Any CPU.ActiveCfg = Debug|Any CPU
		{3B3A90AB-2C90-410C-B7B2-EF8F1A9F72B2}..net 4 Release|Any CPU.Build.0 = Debug|Any CPU
		{3B3A90AB-2C90-410C-B7B2-EF8F1A9F72B2}.Debug|Any CPU.ActiveCfg = Debug|Any CPU
		{3B3A90AB-2C90-410C-B7B2-EF8F1A9F72B2}.Debug|Any CPU.Build.0 = Debug|Any CPU
		{3B3A90AB-2C90-410C-B7B2-EF8F1A9F72B2}.Release|Any CPU.ActiveCfg = Release|Any CPU
		{3B3A90AB-2C90-410C-B7B2-EF8F1A9F72B2}.Release|Any CPU.Build.0 = Release|Any CPU
		{3B3A90AB-2C90-410C-B7B2-EF8F1A9F72B2}.Debug|iPhoneSimulator.ActiveCfg = Debug|Any CPU
		{3B3A90AB-2C90-410C-B7B2-EF8F1A9F72B2}.Debug|iPhoneSimulator.Build.0 = Debug|Any CPU
		{3B3A90AB-2C90-410C-B7B2-EF8F1A9F72B2}.Release|iPhoneSimulator.ActiveCfg = Release|Any CPU
		{3B3A90AB-2C90-410C-B7B2-EF8F1A9F72B2}.Release|iPhoneSimulator.Build.0 = Release|Any CPU
		{3B3A90AB-2C90-410C-B7B2-EF8F1A9F72B2}.Debug|iPhone.ActiveCfg = Debug|Any CPU
		{3B3A90AB-2C90-410C-B7B2-EF8F1A9F72B2}.Debug|iPhone.Build.0 = Debug|Any CPU
		{3B3A90AB-2C90-410C-B7B2-EF8F1A9F72B2}.Release|iPhone.ActiveCfg = Release|Any CPU
		{3B3A90AB-2C90-410C-B7B2-EF8F1A9F72B2}.Release|iPhone.Build.0 = Release|Any CPU
		{3B3A90AB-2C90-410C-B7B2-EF8F1A9F72B2}.Ad-Hoc|iPhone.ActiveCfg = Debug|Any CPU
		{3B3A90AB-2C90-410C-B7B2-EF8F1A9F72B2}.Ad-Hoc|iPhone.Build.0 = Debug|Any CPU
		{3B3A90AB-2C90-410C-B7B2-EF8F1A9F72B2}.AppStore|iPhone.ActiveCfg = Debug|Any CPU
		{3B3A90AB-2C90-410C-B7B2-EF8F1A9F72B2}.AppStore|iPhone.Build.0 = Debug|Any CPU
		{6BBCFDC3-4C32-4951-BAF1-5C75ED317B71}..net 2 Release|Any CPU.ActiveCfg = Debug|Any CPU
		{6BBCFDC3-4C32-4951-BAF1-5C75ED317B71}..net 2 Release|Any CPU.Build.0 = Debug|Any CPU
		{6BBCFDC3-4C32-4951-BAF1-5C75ED317B71}..net 4 Release|Any CPU.ActiveCfg = Debug|Any CPU
		{6BBCFDC3-4C32-4951-BAF1-5C75ED317B71}..net 4 Release|Any CPU.Build.0 = Debug|Any CPU
		{6BBCFDC3-4C32-4951-BAF1-5C75ED317B71}.Debug|Any CPU.ActiveCfg = Debug|Any CPU
		{6BBCFDC3-4C32-4951-BAF1-5C75ED317B71}.Debug|Any CPU.Build.0 = Debug|Any CPU
		{6BBCFDC3-4C32-4951-BAF1-5C75ED317B71}.Release|Any CPU.ActiveCfg = Release|Any CPU
		{6BBCFDC3-4C32-4951-BAF1-5C75ED317B71}.Release|Any CPU.Build.0 = Release|Any CPU
		{6BBCFDC3-4C32-4951-BAF1-5C75ED317B71}.Debug|iPhoneSimulator.ActiveCfg = Debug|Any CPU
		{6BBCFDC3-4C32-4951-BAF1-5C75ED317B71}.Debug|iPhoneSimulator.Build.0 = Debug|Any CPU
		{6BBCFDC3-4C32-4951-BAF1-5C75ED317B71}.Release|iPhoneSimulator.ActiveCfg = Release|Any CPU
		{6BBCFDC3-4C32-4951-BAF1-5C75ED317B71}.Release|iPhoneSimulator.Build.0 = Release|Any CPU
		{6BBCFDC3-4C32-4951-BAF1-5C75ED317B71}.Debug|iPhone.ActiveCfg = Debug|Any CPU
		{6BBCFDC3-4C32-4951-BAF1-5C75ED317B71}.Debug|iPhone.Build.0 = Debug|Any CPU
		{6BBCFDC3-4C32-4951-BAF1-5C75ED317B71}.Release|iPhone.ActiveCfg = Release|Any CPU
		{6BBCFDC3-4C32-4951-BAF1-5C75ED317B71}.Release|iPhone.Build.0 = Release|Any CPU
		{6BBCFDC3-4C32-4951-BAF1-5C75ED317B71}.Ad-Hoc|iPhone.ActiveCfg = Debug|Any CPU
		{6BBCFDC3-4C32-4951-BAF1-5C75ED317B71}.Ad-Hoc|iPhone.Build.0 = Debug|Any CPU
		{6BBCFDC3-4C32-4951-BAF1-5C75ED317B71}.AppStore|iPhone.ActiveCfg = Debug|Any CPU
		{6BBCFDC3-4C32-4951-BAF1-5C75ED317B71}.AppStore|iPhone.Build.0 = Debug|Any CPU
		{B28C2900-36EC-4C94-B59C-472D5AC5A08D}..net 2 Release|Any CPU.ActiveCfg = Debug|iPhoneSimulator
		{B28C2900-36EC-4C94-B59C-472D5AC5A08D}..net 2 Release|Any CPU.Build.0 = Debug|iPhoneSimulator
		{B28C2900-36EC-4C94-B59C-472D5AC5A08D}..net 4 Release|Any CPU.ActiveCfg = Debug|iPhoneSimulator
		{B28C2900-36EC-4C94-B59C-472D5AC5A08D}..net 4 Release|Any CPU.Build.0 = Debug|iPhoneSimulator
		{B28C2900-36EC-4C94-B59C-472D5AC5A08D}.Debug|Any CPU.ActiveCfg = Debug|iPhoneSimulator
		{B28C2900-36EC-4C94-B59C-472D5AC5A08D}.Debug|Any CPU.Build.0 = Debug|iPhoneSimulator
		{B28C2900-36EC-4C94-B59C-472D5AC5A08D}.Release|Any CPU.ActiveCfg = Release|iPhoneSimulator
		{B28C2900-36EC-4C94-B59C-472D5AC5A08D}.Release|Any CPU.Build.0 = Release|iPhoneSimulator
		{B28C2900-36EC-4C94-B59C-472D5AC5A08D}.Debug|iPhoneSimulator.ActiveCfg = Debug|iPhoneSimulator
		{B28C2900-36EC-4C94-B59C-472D5AC5A08D}.Debug|iPhoneSimulator.Build.0 = Debug|iPhoneSimulator
		{B28C2900-36EC-4C94-B59C-472D5AC5A08D}.Release|iPhoneSimulator.ActiveCfg = Release|iPhoneSimulator
		{B28C2900-36EC-4C94-B59C-472D5AC5A08D}.Release|iPhoneSimulator.Build.0 = Release|iPhoneSimulator
		{B28C2900-36EC-4C94-B59C-472D5AC5A08D}.Debug|iPhone.ActiveCfg = Debug|iPhone
		{B28C2900-36EC-4C94-B59C-472D5AC5A08D}.Debug|iPhone.Build.0 = Debug|iPhone
		{B28C2900-36EC-4C94-B59C-472D5AC5A08D}.Release|iPhone.ActiveCfg = Release|iPhone
		{B28C2900-36EC-4C94-B59C-472D5AC5A08D}.Release|iPhone.Build.0 = Release|iPhone
		{B28C2900-36EC-4C94-B59C-472D5AC5A08D}.Ad-Hoc|iPhone.ActiveCfg = Ad-Hoc|iPhone
		{B28C2900-36EC-4C94-B59C-472D5AC5A08D}.Ad-Hoc|iPhone.Build.0 = Ad-Hoc|iPhone
		{B28C2900-36EC-4C94-B59C-472D5AC5A08D}.AppStore|iPhone.ActiveCfg = AppStore|iPhone
		{B28C2900-36EC-4C94-B59C-472D5AC5A08D}.AppStore|iPhone.Build.0 = AppStore|iPhone
		{913FEBB9-6DA8-4C76-AA50-6BE0388DA0D9}..net 2 Release|Any CPU.ActiveCfg = Debug|Any CPU
		{913FEBB9-6DA8-4C76-AA50-6BE0388DA0D9}..net 2 Release|Any CPU.Build.0 = Debug|Any CPU
		{913FEBB9-6DA8-4C76-AA50-6BE0388DA0D9}..net 4 Release|Any CPU.ActiveCfg = Debug|Any CPU
		{913FEBB9-6DA8-4C76-AA50-6BE0388DA0D9}..net 4 Release|Any CPU.Build.0 = Debug|Any CPU
		{913FEBB9-6DA8-4C76-AA50-6BE0388DA0D9}.Debug|Any CPU.ActiveCfg = Debug|Any CPU
		{913FEBB9-6DA8-4C76-AA50-6BE0388DA0D9}.Debug|Any CPU.Build.0 = Debug|Any CPU
		{913FEBB9-6DA8-4C76-AA50-6BE0388DA0D9}.Release|Any CPU.ActiveCfg = Release|Any CPU
		{913FEBB9-6DA8-4C76-AA50-6BE0388DA0D9}.Release|Any CPU.Build.0 = Release|Any CPU
		{913FEBB9-6DA8-4C76-AA50-6BE0388DA0D9}.Debug|iPhoneSimulator.ActiveCfg = Debug|Any CPU
		{913FEBB9-6DA8-4C76-AA50-6BE0388DA0D9}.Debug|iPhoneSimulator.Build.0 = Debug|Any CPU
		{913FEBB9-6DA8-4C76-AA50-6BE0388DA0D9}.Release|iPhoneSimulator.ActiveCfg = Release|Any CPU
		{913FEBB9-6DA8-4C76-AA50-6BE0388DA0D9}.Release|iPhoneSimulator.Build.0 = Release|Any CPU
		{913FEBB9-6DA8-4C76-AA50-6BE0388DA0D9}.Debug|iPhone.ActiveCfg = Debug|Any CPU
		{913FEBB9-6DA8-4C76-AA50-6BE0388DA0D9}.Debug|iPhone.Build.0 = Debug|Any CPU
		{913FEBB9-6DA8-4C76-AA50-6BE0388DA0D9}.Release|iPhone.ActiveCfg = Release|Any CPU
		{913FEBB9-6DA8-4C76-AA50-6BE0388DA0D9}.Release|iPhone.Build.0 = Release|Any CPU
		{913FEBB9-6DA8-4C76-AA50-6BE0388DA0D9}.Ad-Hoc|iPhone.ActiveCfg = Ad-Hoc|Any CPU
		{913FEBB9-6DA8-4C76-AA50-6BE0388DA0D9}.AppStore|iPhone.ActiveCfg = AppStore|Any CPU
		{78ED66D6-EBE8-480F-943C-3DFADE027D6C}..net 2 Release|Any CPU.ActiveCfg = Debug|Any CPU
		{78ED66D6-EBE8-480F-943C-3DFADE027D6C}..net 2 Release|Any CPU.Build.0 = Debug|Any CPU
		{78ED66D6-EBE8-480F-943C-3DFADE027D6C}..net 4 Release|Any CPU.ActiveCfg = Debug|Any CPU
		{78ED66D6-EBE8-480F-943C-3DFADE027D6C}..net 4 Release|Any CPU.Build.0 = Debug|Any CPU
		{78ED66D6-EBE8-480F-943C-3DFADE027D6C}.Debug|Any CPU.ActiveCfg = Debug|Any CPU
		{78ED66D6-EBE8-480F-943C-3DFADE027D6C}.Debug|Any CPU.Build.0 = Debug|Any CPU
		{78ED66D6-EBE8-480F-943C-3DFADE027D6C}.Release|Any CPU.ActiveCfg = Release|Any CPU
		{78ED66D6-EBE8-480F-943C-3DFADE027D6C}.Release|Any CPU.Build.0 = Release|Any CPU
		{78ED66D6-EBE8-480F-943C-3DFADE027D6C}.Debug|iPhoneSimulator.ActiveCfg = Debug|Any CPU
		{78ED66D6-EBE8-480F-943C-3DFADE027D6C}.Debug|iPhoneSimulator.Build.0 = Debug|Any CPU
		{78ED66D6-EBE8-480F-943C-3DFADE027D6C}.Release|iPhoneSimulator.ActiveCfg = Release|Any CPU
		{78ED66D6-EBE8-480F-943C-3DFADE027D6C}.Release|iPhoneSimulator.Build.0 = Release|Any CPU
		{78ED66D6-EBE8-480F-943C-3DFADE027D6C}.Debug|iPhone.ActiveCfg = Debug|Any CPU
		{78ED66D6-EBE8-480F-943C-3DFADE027D6C}.Debug|iPhone.Build.0 = Debug|Any CPU
		{78ED66D6-EBE8-480F-943C-3DFADE027D6C}.Release|iPhone.ActiveCfg = Release|Any CPU
		{78ED66D6-EBE8-480F-943C-3DFADE027D6C}.Release|iPhone.Build.0 = Release|Any CPU
		{78ED66D6-EBE8-480F-943C-3DFADE027D6C}.Ad-Hoc|iPhone.ActiveCfg = Ad-Hoc|Any CPU
		{78ED66D6-EBE8-480F-943C-3DFADE027D6C}.AppStore|iPhone.ActiveCfg = AppStore|Any CPU
		{AF3F77C8-AB4E-426C-98EC-174711235DD4}..net 2 Release|Any CPU.ActiveCfg = Release|Any CPU
		{AF3F77C8-AB4E-426C-98EC-174711235DD4}..net 2 Release|Any CPU.Build.0 = Release|Any CPU
		{AF3F77C8-AB4E-426C-98EC-174711235DD4}..net 4 Release|Any CPU.ActiveCfg = Release|Any CPU
		{AF3F77C8-AB4E-426C-98EC-174711235DD4}..net 4 Release|Any CPU.Build.0 = Release|Any CPU
		{AF3F77C8-AB4E-426C-98EC-174711235DD4}.Debug|Any CPU.ActiveCfg = Debug|Any CPU
		{AF3F77C8-AB4E-426C-98EC-174711235DD4}.Debug|Any CPU.Build.0 = Debug|Any CPU
		{AF3F77C8-AB4E-426C-98EC-174711235DD4}.Release|Any CPU.ActiveCfg = Release|Any CPU
		{AF3F77C8-AB4E-426C-98EC-174711235DD4}.Release|Any CPU.Build.0 = Release|Any CPU
		{AF3F77C8-AB4E-426C-98EC-174711235DD4}.Debug|iPhoneSimulator.ActiveCfg = Debug|Any CPU
		{AF3F77C8-AB4E-426C-98EC-174711235DD4}.Debug|iPhoneSimulator.Build.0 = Debug|Any CPU
		{AF3F77C8-AB4E-426C-98EC-174711235DD4}.Release|iPhoneSimulator.ActiveCfg = Release|Any CPU
		{AF3F77C8-AB4E-426C-98EC-174711235DD4}.Release|iPhoneSimulator.Build.0 = Release|Any CPU
		{AF3F77C8-AB4E-426C-98EC-174711235DD4}.Debug|iPhone.ActiveCfg = Debug|Any CPU
		{AF3F77C8-AB4E-426C-98EC-174711235DD4}.Debug|iPhone.Build.0 = Debug|Any CPU
		{AF3F77C8-AB4E-426C-98EC-174711235DD4}.Release|iPhone.ActiveCfg = Release|Any CPU
		{AF3F77C8-AB4E-426C-98EC-174711235DD4}.Release|iPhone.Build.0 = Release|Any CPU
		{AF3F77C8-AB4E-426C-98EC-174711235DD4}.Ad-Hoc|iPhone.ActiveCfg = Ad-Hoc|Any CPU
		{AF3F77C8-AB4E-426C-98EC-174711235DD4}.AppStore|iPhone.ActiveCfg = AppStore|Any CPU
		{BF747EEC-27B3-48A6-80C9-2BAE0B333BDF}..net 2 Release|Any CPU.ActiveCfg = Release|Any CPU
		{BF747EEC-27B3-48A6-80C9-2BAE0B333BDF}..net 2 Release|Any CPU.Build.0 = Release|Any CPU
		{BF747EEC-27B3-48A6-80C9-2BAE0B333BDF}..net 4 Release|Any CPU.ActiveCfg = Release|Any CPU
		{BF747EEC-27B3-48A6-80C9-2BAE0B333BDF}..net 4 Release|Any CPU.Build.0 = Release|Any CPU
		{BF747EEC-27B3-48A6-80C9-2BAE0B333BDF}.Debug|Any CPU.ActiveCfg = Debug|Any CPU
		{BF747EEC-27B3-48A6-80C9-2BAE0B333BDF}.Debug|Any CPU.Build.0 = Debug|Any CPU
		{BF747EEC-27B3-48A6-80C9-2BAE0B333BDF}.Release|Any CPU.ActiveCfg = Release|Any CPU
		{BF747EEC-27B3-48A6-80C9-2BAE0B333BDF}.Release|Any CPU.Build.0 = Release|Any CPU
		{BF747EEC-27B3-48A6-80C9-2BAE0B333BDF}.Debug|iPhoneSimulator.ActiveCfg = Debug|Any CPU
		{BF747EEC-27B3-48A6-80C9-2BAE0B333BDF}.Debug|iPhoneSimulator.Build.0 = Debug|Any CPU
		{BF747EEC-27B3-48A6-80C9-2BAE0B333BDF}.Release|iPhoneSimulator.ActiveCfg = Release|Any CPU
		{BF747EEC-27B3-48A6-80C9-2BAE0B333BDF}.Release|iPhoneSimulator.Build.0 = Release|Any CPU
		{BF747EEC-27B3-48A6-80C9-2BAE0B333BDF}.Debug|iPhone.ActiveCfg = Debug|Any CPU
		{BF747EEC-27B3-48A6-80C9-2BAE0B333BDF}.Debug|iPhone.Build.0 = Debug|Any CPU
		{BF747EEC-27B3-48A6-80C9-2BAE0B333BDF}.Release|iPhone.ActiveCfg = Release|Any CPU
		{BF747EEC-27B3-48A6-80C9-2BAE0B333BDF}.Release|iPhone.Build.0 = Release|Any CPU
		{BF747EEC-27B3-48A6-80C9-2BAE0B333BDF}.Ad-Hoc|iPhone.ActiveCfg = Ad-Hoc|Any CPU
		{BF747EEC-27B3-48A6-80C9-2BAE0B333BDF}.AppStore|iPhone.ActiveCfg = AppStore|Any CPU
		{FCC8D7D2-7932-4760-BE3F-03259498A4D6}..net 2 Release|Any CPU.ActiveCfg = Release|Any CPU
		{FCC8D7D2-7932-4760-BE3F-03259498A4D6}..net 2 Release|Any CPU.Build.0 = Release|Any CPU
		{FCC8D7D2-7932-4760-BE3F-03259498A4D6}..net 4 Release|Any CPU.ActiveCfg = Release|Any CPU
		{FCC8D7D2-7932-4760-BE3F-03259498A4D6}..net 4 Release|Any CPU.Build.0 = Release|Any CPU
		{FCC8D7D2-7932-4760-BE3F-03259498A4D6}.Debug|Any CPU.ActiveCfg = Debug|Any CPU
		{FCC8D7D2-7932-4760-BE3F-03259498A4D6}.Debug|Any CPU.Build.0 = Debug|Any CPU
		{FCC8D7D2-7932-4760-BE3F-03259498A4D6}.Release|Any CPU.ActiveCfg = Release|Any CPU
		{FCC8D7D2-7932-4760-BE3F-03259498A4D6}.Release|Any CPU.Build.0 = Release|Any CPU
		{FCC8D7D2-7932-4760-BE3F-03259498A4D6}.Debug|iPhoneSimulator.ActiveCfg = Debug|Any CPU
		{FCC8D7D2-7932-4760-BE3F-03259498A4D6}.Debug|iPhoneSimulator.Build.0 = Debug|Any CPU
		{FCC8D7D2-7932-4760-BE3F-03259498A4D6}.Release|iPhoneSimulator.ActiveCfg = Release|Any CPU
		{FCC8D7D2-7932-4760-BE3F-03259498A4D6}.Release|iPhoneSimulator.Build.0 = Release|Any CPU
		{FCC8D7D2-7932-4760-BE3F-03259498A4D6}.Debug|iPhone.ActiveCfg = Debug|Any CPU
		{FCC8D7D2-7932-4760-BE3F-03259498A4D6}.Debug|iPhone.Build.0 = Debug|Any CPU
		{FCC8D7D2-7932-4760-BE3F-03259498A4D6}.Release|iPhone.ActiveCfg = Release|Any CPU
		{FCC8D7D2-7932-4760-BE3F-03259498A4D6}.Release|iPhone.Build.0 = Release|Any CPU
		{FCC8D7D2-7932-4760-BE3F-03259498A4D6}.Ad-Hoc|iPhone.ActiveCfg = Ad-Hoc|Any CPU
		{FCC8D7D2-7932-4760-BE3F-03259498A4D6}.AppStore|iPhone.ActiveCfg = AppStore|Any CPU
		{33231A4C-74C7-47C4-AC01-066A6A9F625C}..net 2 Release|Any CPU.ActiveCfg = Release|Any CPU
		{33231A4C-74C7-47C4-AC01-066A6A9F625C}..net 2 Release|Any CPU.Build.0 = Release|Any CPU
		{33231A4C-74C7-47C4-AC01-066A6A9F625C}..net 4 Release|Any CPU.ActiveCfg = Release|Any CPU
		{33231A4C-74C7-47C4-AC01-066A6A9F625C}..net 4 Release|Any CPU.Build.0 = Release|Any CPU
		{33231A4C-74C7-47C4-AC01-066A6A9F625C}.Debug|Any CPU.ActiveCfg = Debug|Any CPU
		{33231A4C-74C7-47C4-AC01-066A6A9F625C}.Debug|Any CPU.Build.0 = Debug|Any CPU
		{33231A4C-74C7-47C4-AC01-066A6A9F625C}.Release|Any CPU.ActiveCfg = Release|Any CPU
		{33231A4C-74C7-47C4-AC01-066A6A9F625C}.Release|Any CPU.Build.0 = Release|Any CPU
		{33231A4C-74C7-47C4-AC01-066A6A9F625C}.Debug|iPhoneSimulator.ActiveCfg = Debug|Any CPU
		{33231A4C-74C7-47C4-AC01-066A6A9F625C}.Debug|iPhoneSimulator.Build.0 = Debug|Any CPU
		{33231A4C-74C7-47C4-AC01-066A6A9F625C}.Release|iPhoneSimulator.ActiveCfg = Release|Any CPU
		{33231A4C-74C7-47C4-AC01-066A6A9F625C}.Release|iPhoneSimulator.Build.0 = Release|Any CPU
		{33231A4C-74C7-47C4-AC01-066A6A9F625C}.Debug|iPhone.ActiveCfg = Debug|Any CPU
		{33231A4C-74C7-47C4-AC01-066A6A9F625C}.Debug|iPhone.Build.0 = Debug|Any CPU
		{33231A4C-74C7-47C4-AC01-066A6A9F625C}.Release|iPhone.ActiveCfg = Release|Any CPU
		{33231A4C-74C7-47C4-AC01-066A6A9F625C}.Release|iPhone.Build.0 = Release|Any CPU
		{33231A4C-74C7-47C4-AC01-066A6A9F625C}.Ad-Hoc|iPhone.ActiveCfg = Ad-Hoc|Any CPU
		{33231A4C-74C7-47C4-AC01-066A6A9F625C}.AppStore|iPhone.ActiveCfg = AppStore|Any CPU
		{2A20B2C6-057F-41E4-8AF7-F69C3B4ECB86}..net 2 Release|Any CPU.ActiveCfg = Release|Any CPU
		{2A20B2C6-057F-41E4-8AF7-F69C3B4ECB86}..net 2 Release|Any CPU.Build.0 = Release|Any CPU
		{2A20B2C6-057F-41E4-8AF7-F69C3B4ECB86}..net 4 Release|Any CPU.ActiveCfg = Release|Any CPU
		{2A20B2C6-057F-41E4-8AF7-F69C3B4ECB86}..net 4 Release|Any CPU.Build.0 = Release|Any CPU
		{2A20B2C6-057F-41E4-8AF7-F69C3B4ECB86}.Debug|Any CPU.ActiveCfg = Debug|Any CPU
		{2A20B2C6-057F-41E4-8AF7-F69C3B4ECB86}.Debug|Any CPU.Build.0 = Debug|Any CPU
		{2A20B2C6-057F-41E4-8AF7-F69C3B4ECB86}.Release|Any CPU.ActiveCfg = Release|Any CPU
		{2A20B2C6-057F-41E4-8AF7-F69C3B4ECB86}.Release|Any CPU.Build.0 = Release|Any CPU
		{2A20B2C6-057F-41E4-8AF7-F69C3B4ECB86}.Debug|iPhoneSimulator.ActiveCfg = Debug|Any CPU
		{2A20B2C6-057F-41E4-8AF7-F69C3B4ECB86}.Debug|iPhoneSimulator.Build.0 = Debug|Any CPU
		{2A20B2C6-057F-41E4-8AF7-F69C3B4ECB86}.Release|iPhoneSimulator.ActiveCfg = Release|Any CPU
		{2A20B2C6-057F-41E4-8AF7-F69C3B4ECB86}.Release|iPhoneSimulator.Build.0 = Release|Any CPU
		{2A20B2C6-057F-41E4-8AF7-F69C3B4ECB86}.Debug|iPhone.ActiveCfg = Debug|Any CPU
		{2A20B2C6-057F-41E4-8AF7-F69C3B4ECB86}.Debug|iPhone.Build.0 = Debug|Any CPU
		{2A20B2C6-057F-41E4-8AF7-F69C3B4ECB86}.Release|iPhone.ActiveCfg = Release|Any CPU
		{2A20B2C6-057F-41E4-8AF7-F69C3B4ECB86}.Release|iPhone.Build.0 = Release|Any CPU
		{2A20B2C6-057F-41E4-8AF7-F69C3B4ECB86}.Ad-Hoc|iPhone.ActiveCfg = Ad-Hoc|Any CPU
		{2A20B2C6-057F-41E4-8AF7-F69C3B4ECB86}.AppStore|iPhone.ActiveCfg = AppStore|Any CPU
		{5AA57830-09AA-417F-BBF1-7753F2FCA216}..net 2 Release|Any CPU.ActiveCfg = Release|Any CPU
		{5AA57830-09AA-417F-BBF1-7753F2FCA216}..net 2 Release|Any CPU.Build.0 = Release|Any CPU
		{5AA57830-09AA-417F-BBF1-7753F2FCA216}..net 4 Release|Any CPU.ActiveCfg = Release|Any CPU
		{5AA57830-09AA-417F-BBF1-7753F2FCA216}..net 4 Release|Any CPU.Build.0 = Release|Any CPU
		{5AA57830-09AA-417F-BBF1-7753F2FCA216}.Debug|Any CPU.ActiveCfg = Debug|Any CPU
		{5AA57830-09AA-417F-BBF1-7753F2FCA216}.Debug|Any CPU.Build.0 = Debug|Any CPU
		{5AA57830-09AA-417F-BBF1-7753F2FCA216}.Release|Any CPU.ActiveCfg = Release|Any CPU
		{5AA57830-09AA-417F-BBF1-7753F2FCA216}.Release|Any CPU.Build.0 = Release|Any CPU
		{5AA57830-09AA-417F-BBF1-7753F2FCA216}.Debug|iPhoneSimulator.ActiveCfg = Debug|Any CPU
		{5AA57830-09AA-417F-BBF1-7753F2FCA216}.Debug|iPhoneSimulator.Build.0 = Debug|Any CPU
		{5AA57830-09AA-417F-BBF1-7753F2FCA216}.Release|iPhoneSimulator.ActiveCfg = Release|Any CPU
		{5AA57830-09AA-417F-BBF1-7753F2FCA216}.Release|iPhoneSimulator.Build.0 = Release|Any CPU
		{5AA57830-09AA-417F-BBF1-7753F2FCA216}.Debug|iPhone.ActiveCfg = Debug|Any CPU
		{5AA57830-09AA-417F-BBF1-7753F2FCA216}.Debug|iPhone.Build.0 = Debug|Any CPU
		{5AA57830-09AA-417F-BBF1-7753F2FCA216}.Release|iPhone.ActiveCfg = Release|Any CPU
		{5AA57830-09AA-417F-BBF1-7753F2FCA216}.Release|iPhone.Build.0 = Release|Any CPU
		{5AA57830-09AA-417F-BBF1-7753F2FCA216}.Ad-Hoc|iPhone.ActiveCfg = Ad-Hoc|Any CPU
		{5AA57830-09AA-417F-BBF1-7753F2FCA216}.AppStore|iPhone.ActiveCfg = AppStore|Any CPU
		{1E25E79B-27EF-4B79-94F4-DBE56D33AA6A}..net 2 Release|Any CPU.ActiveCfg = Debug|Any CPU
		{1E25E79B-27EF-4B79-94F4-DBE56D33AA6A}..net 2 Release|Any CPU.Build.0 = Debug|Any CPU
		{1E25E79B-27EF-4B79-94F4-DBE56D33AA6A}..net 4 Release|Any CPU.ActiveCfg = Debug|Any CPU
		{1E25E79B-27EF-4B79-94F4-DBE56D33AA6A}..net 4 Release|Any CPU.Build.0 = Debug|Any CPU
		{1E25E79B-27EF-4B79-94F4-DBE56D33AA6A}.Debug|Any CPU.ActiveCfg = Debug|Any CPU
		{1E25E79B-27EF-4B79-94F4-DBE56D33AA6A}.Debug|Any CPU.Build.0 = Debug|Any CPU
		{1E25E79B-27EF-4B79-94F4-DBE56D33AA6A}.Release|Any CPU.ActiveCfg = Release|Any CPU
		{1E25E79B-27EF-4B79-94F4-DBE56D33AA6A}.Release|Any CPU.Build.0 = Release|Any CPU
		{1E25E79B-27EF-4B79-94F4-DBE56D33AA6A}.Debug|iPhoneSimulator.ActiveCfg = Debug|Any CPU
		{1E25E79B-27EF-4B79-94F4-DBE56D33AA6A}.Debug|iPhoneSimulator.Build.0 = Debug|Any CPU
		{1E25E79B-27EF-4B79-94F4-DBE56D33AA6A}.Release|iPhoneSimulator.ActiveCfg = Release|Any CPU
		{1E25E79B-27EF-4B79-94F4-DBE56D33AA6A}.Release|iPhoneSimulator.Build.0 = Release|Any CPU
		{1E25E79B-27EF-4B79-94F4-DBE56D33AA6A}.Debug|iPhone.ActiveCfg = Debug|Any CPU
		{1E25E79B-27EF-4B79-94F4-DBE56D33AA6A}.Debug|iPhone.Build.0 = Debug|Any CPU
		{1E25E79B-27EF-4B79-94F4-DBE56D33AA6A}.Release|iPhone.ActiveCfg = Release|Any CPU
		{1E25E79B-27EF-4B79-94F4-DBE56D33AA6A}.Release|iPhone.Build.0 = Release|Any CPU
		{1E25E79B-27EF-4B79-94F4-DBE56D33AA6A}.Ad-Hoc|iPhone.ActiveCfg = Ad-Hoc|Any CPU
		{1E25E79B-27EF-4B79-94F4-DBE56D33AA6A}.AppStore|iPhone.ActiveCfg = AppStore|Any CPU
		{2DB5F1B5-95A2-4384-A286-EB4E584F52B2}..net 2 Release|Any CPU.ActiveCfg = Debug|Any CPU
		{2DB5F1B5-95A2-4384-A286-EB4E584F52B2}..net 2 Release|Any CPU.Build.0 = Debug|Any CPU
		{2DB5F1B5-95A2-4384-A286-EB4E584F52B2}..net 4 Release|Any CPU.ActiveCfg = Debug|Any CPU
		{2DB5F1B5-95A2-4384-A286-EB4E584F52B2}..net 4 Release|Any CPU.Build.0 = Debug|Any CPU
		{2DB5F1B5-95A2-4384-A286-EB4E584F52B2}.Debug|Any CPU.ActiveCfg = Debug|Any CPU
		{2DB5F1B5-95A2-4384-A286-EB4E584F52B2}.Debug|Any CPU.Build.0 = Debug|Any CPU
		{2DB5F1B5-95A2-4384-A286-EB4E584F52B2}.Release|Any CPU.ActiveCfg = Release|Any CPU
		{2DB5F1B5-95A2-4384-A286-EB4E584F52B2}.Release|Any CPU.Build.0 = Release|Any CPU
		{2DB5F1B5-95A2-4384-A286-EB4E584F52B2}.Debug|iPhoneSimulator.ActiveCfg = Debug|Any CPU
		{2DB5F1B5-95A2-4384-A286-EB4E584F52B2}.Debug|iPhoneSimulator.Build.0 = Debug|Any CPU
		{2DB5F1B5-95A2-4384-A286-EB4E584F52B2}.Release|iPhoneSimulator.ActiveCfg = Release|Any CPU
		{2DB5F1B5-95A2-4384-A286-EB4E584F52B2}.Release|iPhoneSimulator.Build.0 = Release|Any CPU
		{2DB5F1B5-95A2-4384-A286-EB4E584F52B2}.Debug|iPhone.ActiveCfg = Debug|Any CPU
		{2DB5F1B5-95A2-4384-A286-EB4E584F52B2}.Debug|iPhone.Build.0 = Debug|Any CPU
		{2DB5F1B5-95A2-4384-A286-EB4E584F52B2}.Release|iPhone.ActiveCfg = Release|Any CPU
		{2DB5F1B5-95A2-4384-A286-EB4E584F52B2}.Release|iPhone.Build.0 = Release|Any CPU
		{2DB5F1B5-95A2-4384-A286-EB4E584F52B2}.Ad-Hoc|iPhone.ActiveCfg = Ad-Hoc|Any CPU
		{2DB5F1B5-95A2-4384-A286-EB4E584F52B2}.AppStore|iPhone.ActiveCfg = AppStore|Any CPU
		{9B102AE7-5804-48B1-B897-C061D3AD4BC4}..net 2 Release|Any CPU.ActiveCfg = Debug|Any CPU
		{9B102AE7-5804-48B1-B897-C061D3AD4BC4}..net 2 Release|Any CPU.Build.0 = Debug|Any CPU
		{9B102AE7-5804-48B1-B897-C061D3AD4BC4}..net 4 Release|Any CPU.ActiveCfg = Debug|Any CPU
		{9B102AE7-5804-48B1-B897-C061D3AD4BC4}..net 4 Release|Any CPU.Build.0 = Debug|Any CPU
		{9B102AE7-5804-48B1-B897-C061D3AD4BC4}.Debug|Any CPU.ActiveCfg = Debug|Any CPU
		{9B102AE7-5804-48B1-B897-C061D3AD4BC4}.Debug|Any CPU.Build.0 = Debug|Any CPU
		{9B102AE7-5804-48B1-B897-C061D3AD4BC4}.Release|Any CPU.ActiveCfg = Release|Any CPU
		{9B102AE7-5804-48B1-B897-C061D3AD4BC4}.Release|Any CPU.Build.0 = Release|Any CPU
		{9B102AE7-5804-48B1-B897-C061D3AD4BC4}.Debug|iPhoneSimulator.ActiveCfg = Debug|Any CPU
		{9B102AE7-5804-48B1-B897-C061D3AD4BC4}.Debug|iPhoneSimulator.Build.0 = Debug|Any CPU
		{9B102AE7-5804-48B1-B897-C061D3AD4BC4}.Release|iPhoneSimulator.ActiveCfg = Release|Any CPU
		{9B102AE7-5804-48B1-B897-C061D3AD4BC4}.Release|iPhoneSimulator.Build.0 = Release|Any CPU
		{9B102AE7-5804-48B1-B897-C061D3AD4BC4}.Debug|iPhone.ActiveCfg = Debug|Any CPU
		{9B102AE7-5804-48B1-B897-C061D3AD4BC4}.Debug|iPhone.Build.0 = Debug|Any CPU
		{9B102AE7-5804-48B1-B897-C061D3AD4BC4}.Release|iPhone.ActiveCfg = Release|Any CPU
		{9B102AE7-5804-48B1-B897-C061D3AD4BC4}.Release|iPhone.Build.0 = Release|Any CPU
		{9B102AE7-5804-48B1-B897-C061D3AD4BC4}.Ad-Hoc|iPhone.ActiveCfg = Ad-Hoc|Any CPU
		{9B102AE7-5804-48B1-B897-C061D3AD4BC4}.AppStore|iPhone.ActiveCfg = AppStore|Any CPU
		{2EDE9B56-D827-46E4-84FC-AB60DF230419}..net 2 Release|Any CPU.ActiveCfg = Debug|Any CPU
		{2EDE9B56-D827-46E4-84FC-AB60DF230419}..net 2 Release|Any CPU.Build.0 = Debug|Any CPU
		{2EDE9B56-D827-46E4-84FC-AB60DF230419}..net 4 Release|Any CPU.ActiveCfg = Debug|Any CPU
		{2EDE9B56-D827-46E4-84FC-AB60DF230419}..net 4 Release|Any CPU.Build.0 = Debug|Any CPU
		{2EDE9B56-D827-46E4-84FC-AB60DF230419}.Debug|Any CPU.ActiveCfg = Debug|Any CPU
		{2EDE9B56-D827-46E4-84FC-AB60DF230419}.Debug|Any CPU.Build.0 = Debug|Any CPU
		{2EDE9B56-D827-46E4-84FC-AB60DF230419}.Release|Any CPU.ActiveCfg = Release|Any CPU
		{2EDE9B56-D827-46E4-84FC-AB60DF230419}.Release|Any CPU.Build.0 = Release|Any CPU
		{2EDE9B56-D827-46E4-84FC-AB60DF230419}.Debug|iPhoneSimulator.ActiveCfg = Debug|Any CPU
		{2EDE9B56-D827-46E4-84FC-AB60DF230419}.Debug|iPhoneSimulator.Build.0 = Debug|Any CPU
		{2EDE9B56-D827-46E4-84FC-AB60DF230419}.Release|iPhoneSimulator.ActiveCfg = Release|Any CPU
		{2EDE9B56-D827-46E4-84FC-AB60DF230419}.Release|iPhoneSimulator.Build.0 = Release|Any CPU
		{2EDE9B56-D827-46E4-84FC-AB60DF230419}.Debug|iPhone.ActiveCfg = Debug|Any CPU
		{2EDE9B56-D827-46E4-84FC-AB60DF230419}.Debug|iPhone.Build.0 = Debug|Any CPU
		{2EDE9B56-D827-46E4-84FC-AB60DF230419}.Release|iPhone.ActiveCfg = Release|Any CPU
		{2EDE9B56-D827-46E4-84FC-AB60DF230419}.Release|iPhone.Build.0 = Release|Any CPU
		{2EDE9B56-D827-46E4-84FC-AB60DF230419}.Ad-Hoc|iPhone.ActiveCfg = Debug|Any CPU
		{2EDE9B56-D827-46E4-84FC-AB60DF230419}.Ad-Hoc|iPhone.Build.0 = Debug|Any CPU
		{2EDE9B56-D827-46E4-84FC-AB60DF230419}.AppStore|iPhone.ActiveCfg = Debug|Any CPU
		{2EDE9B56-D827-46E4-84FC-AB60DF230419}.AppStore|iPhone.Build.0 = Debug|Any CPU
	EndGlobalSection
	GlobalSection(SolutionProperties) = preSolution
		HideSolutionNode = FALSE
	EndGlobalSection
	GlobalSection(NestedProjects) = preSolution
		{4D221F6F-077A-477E-9C55-F458641937F2} = {679FDCF1-F0D6-46AB-B87A-19B306A63626}
		{15317A1A-F222-4D7A-9865-8AAF27241BDA} = {DB4642A4-3E75-483D-9643-D99E310E0E7F}
		{5796F902-CBC0-45B4-A342-43621A597D6D} = {DB4642A4-3E75-483D-9643-D99E310E0E7F}
		{C478B8D2-3A6D-436D-ABE7-8010B9FAF73B} = {DB4642A4-3E75-483D-9643-D99E310E0E7F}
		{48224037-C134-44A7-B962-0FA840D4D1A3} = {DB4642A4-3E75-483D-9643-D99E310E0E7F}
		{375E0BB7-2A71-440C-8F84-3D858B22501A} = {679FDCF1-F0D6-46AB-B87A-19B306A63626}
		{54FEE852-8725-4AF6-9800-88EE373C3495} = {679FDCF1-F0D6-46AB-B87A-19B306A63626}
		{32C167AA-1978-4932-9F91-EDD4865BF164} = {679FDCF1-F0D6-46AB-B87A-19B306A63626}
		{108EF9E9-D868-45BA-BA7A-E2AB3145CF9A} = {679FDCF1-F0D6-46AB-B87A-19B306A63626}
		{3BAAE235-8752-4B8E-9AA9-51CC8596DD63} = {DB4642A4-3E75-483D-9643-D99E310E0E7F}
		{2A51E6F8-974F-49E1-9E31-B71DC1E91D02} = {DB4642A4-3E75-483D-9643-D99E310E0E7F}
		{3B3A90AB-2C90-410C-B7B2-EF8F1A9F72B2} = {E9BB60CA-C999-45E0-8844-1DEA5D1B6077}
		{6BBCFDC3-4C32-4951-BAF1-5C75ED317B71} = {E9BB60CA-C999-45E0-8844-1DEA5D1B6077}
		{B28C2900-36EC-4C94-B59C-472D5AC5A08D} = {E9BB60CA-C999-45E0-8844-1DEA5D1B6077}
		{913FEBB9-6DA8-4C76-AA50-6BE0388DA0D9} = {D720B93C-E9CC-4BA1-8BAC-9A14E77777F4}
		{78ED66D6-EBE8-480F-943C-3DFADE027D6C} = {D720B93C-E9CC-4BA1-8BAC-9A14E77777F4}
		{AF3F77C8-AB4E-426C-98EC-174711235DD4} = {D720B93C-E9CC-4BA1-8BAC-9A14E77777F4}
		{BF747EEC-27B3-48A6-80C9-2BAE0B333BDF} = {D720B93C-E9CC-4BA1-8BAC-9A14E77777F4}
		{FCC8D7D2-7932-4760-BE3F-03259498A4D6} = {D720B93C-E9CC-4BA1-8BAC-9A14E77777F4}
		{33231A4C-74C7-47C4-AC01-066A6A9F625C} = {504A9E4D-92EE-4AEA-B144-A2B187523476}
		{2A20B2C6-057F-41E4-8AF7-F69C3B4ECB86} = {504A9E4D-92EE-4AEA-B144-A2B187523476}
		{5AA57830-09AA-417F-BBF1-7753F2FCA216} = {504A9E4D-92EE-4AEA-B144-A2B187523476}
		{1E25E79B-27EF-4B79-94F4-DBE56D33AA6A} = {504A9E4D-92EE-4AEA-B144-A2B187523476}
		{2DB5F1B5-95A2-4384-A286-EB4E584F52B2} = {504A9E4D-92EE-4AEA-B144-A2B187523476}
		{9B102AE7-5804-48B1-B897-C061D3AD4BC4} = {504A9E4D-92EE-4AEA-B144-A2B187523476}
		{2EDE9B56-D827-46E4-84FC-AB60DF230419} = {DB4642A4-3E75-483D-9643-D99E310E0E7F}
	EndGlobalSection
EndGlobal
