
Microsoft Visual Studio Solution File, Format Version 12.00
# Visual Studio 15
VisualStudioVersion = 15.0.26228.10
MinimumVisualStudioVersion = 10.0.40219.1
Project("{FAE04EC0-301F-11D3-BF4B-00C04F79EFBC}") = "XLua.Mini", "xlua\General\vs2013\XLua.Mini.csproj", "{9A2C7D34-0697-31AB-4FD5-E250BB7E0F00}"
EndProject
Project("{FAE04EC0-301F-11D3-BF4B-00C04F79EFBC}") = "xlua", "cslua\xlua.csproj", "{02B75C01-9C92-4DA4-9854-ED4B42C87D00}"
EndProject
Project("{FAE04EC0-301F-11D3-BF4B-00C04F79EFBC}") = "KS3", "KS3\KS3.csproj", "{6589DD45-643C-43B8-8D30-54D1FF82467F}"
EndProject
Project("{FAE04EC0-301F-11D3-BF4B-00C04F79EFBC}") = "a3ks3", "KS3\A3\a3ks3.csproj", "{544B0331-0B5D-48EC-96F8-F0AC8BD7EC32}"
EndProject
Project("{2150E333-8FDC-42A3-9474-1A3956D46DE8}") = "excel", "excel", "{D720B93C-E9CC-4BA1-8BAC-9A14E77777F4}"
EndProject
Project("{2150E333-8FDC-42A3-9474-1A3956D46DE8}") = "code", "code", "{504A9E4D-92EE-4AEA-B144-A2B187523476}"
EndProject
Project("{2150E333-8FDC-42A3-9474-1A3956D46DE8}") = "app", "app", "{DB4642A4-3E75-483D-9643-D99E310E0E7F}"
EndProject
Project("{FAE04EC0-301F-11D3-BF4B-00C04F79EFBC}") = "app.Android", "gui\app.Android\app.Android.csproj", "{15317A1A-F222-4D7A-9865-8AAF27241BDA}"
EndProject
Project("{FAE04EC0-301F-11D3-BF4B-00C04F79EFBC}") = "app.iOS", "gui\app.iOS\app.iOS.csproj", "{5796F902-CBC0-45B4-A342-43621A597D6D}"
EndProject
Project("{FAE04EC0-301F-11D3-BF4B-00C04F79EFBC}") = "app.Web", "gui\app.Web\app.Web.csproj", "{C478B8D2-3A6D-436D-ABE7-8010B9FAF73B}"
EndProject
Project("{FAE04EC0-301F-11D3-BF4B-00C04F79EFBC}") = "app", "gui\app\app.csproj", "{48224037-C134-44A7-B962-0FA840D4D1A3}"
EndProject
Project("{2150E333-8FDC-42A3-9474-1A3956D46DE8}") = "libnpoi", "libnpoi", "{679FDCF1-F0D6-46AB-B87A-19B306A63626}"
EndProject
Project("{FAE04EC0-301F-11D3-BF4B-00C04F79EFBC}") = "NPOI.Core", "npoi\main\NPOI.Core.csproj", "{375E0BB7-2A71-440C-8F84-3D858B22501A}"
EndProject
Project("{FAE04EC0-301F-11D3-BF4B-00C04F79EFBC}") = "NPOI.OOXML.Core", "npoi\ooxml\NPOI.OOXML.Core.csproj", "{54FEE852-8725-4AF6-9800-88EE373C3495}"
EndProject
Project("{FAE04EC0-301F-11D3-BF4B-00C04F79EFBC}") = "NPOI.OpenXml4Net.Core", "npoi\openxml4Net\NPOI.OpenXml4Net.Core.csproj", "{32C167AA-1978-4932-9F91-EDD4865BF164}"
EndProject
Project("{FAE04EC0-301F-11D3-BF4B-00C04F79EFBC}") = "NPOI.OpenXmlFormats.Core", "npoi\OpenXmlFormats\NPOI.OpenXmlFormats.Core.csproj", "{108EF9E9-D868-45BA-BA7A-E2AB3145CF9A}"
EndProject
Project("{FAE04EC0-301F-11D3-BF4B-00C04F79EFBC}") = "app.Android.native", "gui\app.Android.native\app.Android.native.csproj", "{3BAAE235-8752-4B8E-9AA9-51CC8596DD63}"
EndProject
Project("{FAE04EC0-301F-11D3-BF4B-00C04F79EFBC}") = "app.iOS.native", "gui\app.iOS.native\app.iOS.native.csproj", "{2A51E6F8-974F-49E1-9E31-B71DC1E91D02}"
EndProject
Project("{2150E333-8FDC-42A3-9474-1A3956D46DE8}") = "demo", "demo", "{E9BB60CA-C999-45E0-8844-1DEA5D1B6077}"
EndProject
Project("{FAE04EC0-301F-11D3-BF4B-00C04F79EFBC}") = "app.OSX", "gui\app.OSX\app.OSX.csproj", "{2EDE9B56-D827-46E4-84FC-AB60DF230419}"
EndProject
Project("{9344BDBB-3E7F-41FC-A0DD-8665D75EE146}") = "ExcelDiff", "excel\ExcelDiff\ExcelDiff.csproj", "{F5E642AC-0259-4C16-9036-DB6ADCC97510}"
EndProject
Project("{9344BDBB-3E7F-41FC-A0DD-8665D75EE146}") = "ExcelGrep", "excel\ExcelGrep\ExcelGrep.csproj", "{4EA15B05-58C1-46A0-8DCC-09C2A212A569}"
EndProject
Project("{9344BDBB-3E7F-41FC-A0DD-8665D75EE146}") = "ExcelJpCollect", "excel\ExcelJpCollect\ExcelJpCollect.csproj", "{2498A26F-2426-4525-84D4-DE2FC49A40FB}"
EndProject
Project("{9344BDBB-3E7F-41FC-A0DD-8665D75EE146}") = "ExcelJpReplace", "excel\ExcelJpReplace\ExcelJpReplace.csproj", "{BE9E1675-9879-4CC6-8EA8-43CF65BC67E5}"
EndProject
Project("{9344BDBB-3E7F-41FC-A0DD-8665D75EE146}") = "ExcelReplaceStr", "excel\ExcelReplaceStr\ExcelReplaceStr.csproj", "{25BAC6AF-AD4A-49AF-9493-C94DA06E6274}"
EndProject
Project("{9344BDBB-3E7F-41FC-A0DD-8665D75EE146}") = "CodeJpCollect", "code\CodeJpCollect\CodeJpCollect.csproj", "{47435321-5908-49CD-A383-98B94AF75624}"
EndProject
Project("{9344BDBB-3E7F-41FC-A0DD-8665D75EE146}") = "CodeJpReplace", "code\CodeJpReplace\CodeJpReplace.csproj", "{6FF207D5-5F57-4A92-A445-12752A34746D}"
EndProject
Project("{9344BDBB-3E7F-41FC-A0DD-8665D75EE146}") = "CodeZhCollect", "code\CodeZhCollect\CodeZhCollect.csproj", "{EE9103E4-5AE0-4F12-BE18-41464D42A8AB}"
EndProject
Project("{9344BDBB-3E7F-41FC-A0DD-8665D75EE146}") = "XmlJpCollect", "code\XmlJpCollect\XmlJpCollect.csproj", "{8B2F6413-0314-4273-99D1-210F09C11A61}"
EndProject
Project("{9344BDBB-3E7F-41FC-A0DD-8665D75EE146}") = "XmlJpReplace", "code\XmlJpReplace\XmlJpReplace.csproj", "{BE0A5669-BDAE-4286-A531-8E1F764E06B3}"
EndProject
Project("{9344BDBB-3E7F-41FC-A0DD-8665D75EE146}") = "XmlZhCollect", "code\XmlZhCollect\XmlZhCollect.csproj", "{E6871CA9-494A-4FA1-A708-E101B1DB07A2}"
EndProject
Project("{FAE04EC0-301F-11D3-BF4B-00C04F79EFBC}") = "NPOIExtension", "npoi\extension\NPOIExtension.csproj", "{0FBB12D9-67F8-434B-A37C-6BDC8A2D5868}"
EndProject
Project("{FAE04EC0-301F-11D3-BF4B-00C04F79EFBC}") = "LibShared", "LibShared\LibShared.csproj", "{68A00408-342D-4FDF-AEEA-329AD7D52AAC}"
EndProject
Global
	GlobalSection(SharedMSBuildProjectFiles) = preSolution
	EndGlobalSection
	GlobalSection(SolutionConfigurationPlatforms) = preSolution
		.net 2 Release|Any CPU = .net 2 Release|Any CPU
		.net 4 Release|Any CPU = .net 4 Release|Any CPU
		Debug|Any CPU = Debug|Any CPU
		Release|Any CPU = Release|Any CPU
		Debug|iPhoneSimulator = Debug|iPhoneSimulator
		Release|iPhoneSimulator = Release|iPhoneSimulator
		Debug|iPhone = Debug|iPhone
		Release|iPhone = Release|iPhone
		Ad-Hoc|iPhone = Ad-Hoc|iPhone
		AppStore|iPhone = AppStore|iPhone
	EndGlobalSection
	GlobalSection(ProjectConfigurationPlatforms) = postSolution
		{55BBD4C0-AD4C-4F02-BA0B-C889E0F2C09C}..net 2 Release|Any CPU.ActiveCfg = Debug|Any CPU
		{55BBD4C0-AD4C-4F02-BA0B-C889E0F2C09C}..net 2 Release|Any CPU.Build.0 = Debug|Any CPU
		{55BBD4C0-AD4C-4F02-BA0B-C889E0F2C09C}..net 4 Release|Any CPU.ActiveCfg = Debug|Any CPU
		{55BBD4C0-AD4C-4F02-BA0B-C889E0F2C09C}..net 4 Release|Any CPU.Build.0 = Debug|Any CPU
		{9A2C7D34-0697-31AB-4FD5-E250BB7E0F00}..net 2 Release|Any CPU.ActiveCfg = Debug|Any CPU
		{9A2C7D34-0697-31AB-4FD5-E250BB7E0F00}..net 2 Release|Any CPU.Build.0 = Debug|Any CPU
		{9A2C7D34-0697-31AB-4FD5-E250BB7E0F00}..net 4 Release|Any CPU.ActiveCfg = Debug|Any CPU
		{9A2C7D34-0697-31AB-4FD5-E250BB7E0F00}..net 4 Release|Any CPU.Build.0 = Debug|Any CPU
		{9A2C7D34-0697-31AB-4FD5-E250BB7E0F00}.Debug|Any CPU.ActiveCfg = Debug|Any CPU
		{9A2C7D34-0697-31AB-4FD5-E250BB7E0F00}.Debug|Any CPU.Build.0 = Debug|Any CPU
		{9A2C7D34-0697-31AB-4FD5-E250BB7E0F00}.Release|Any CPU.ActiveCfg = Release|Any CPU
		{9A2C7D34-0697-31AB-4FD5-E250BB7E0F00}.Release|Any CPU.Build.0 = Release|Any CPU
		{9A2C7D34-0697-31AB-4FD5-E250BB7E0F00}.Debug|iPhoneSimulator.ActiveCfg = Debug|Any CPU
		{9A2C7D34-0697-31AB-4FD5-E250BB7E0F00}.Debug|iPhoneSimulator.Build.0 = Debug|Any CPU
		{9A2C7D34-0697-31AB-4FD5-E250BB7E0F00}.Release|iPhoneSimulator.ActiveCfg = Release|Any CPU
		{9A2C7D34-0697-31AB-4FD5-E250BB7E0F00}.Release|iPhoneSimulator.Build.0 = Release|Any CPU
		{9A2C7D34-0697-31AB-4FD5-E250BB7E0F00}.Debug|iPhone.ActiveCfg = Debug|Any CPU
		{9A2C7D34-0697-31AB-4FD5-E250BB7E0F00}.Debug|iPhone.Build.0 = Debug|Any CPU
		{9A2C7D34-0697-31AB-4FD5-E250BB7E0F00}.Release|iPhone.ActiveCfg = Release|Any CPU
		{9A2C7D34-0697-31AB-4FD5-E250BB7E0F00}.Release|iPhone.Build.0 = Release|Any CPU
		{9A2C7D34-0697-31AB-4FD5-E250BB7E0F00}.Ad-Hoc|iPhone.ActiveCfg = Debug|Any CPU
		{9A2C7D34-0697-31AB-4FD5-E250BB7E0F00}.Ad-Hoc|iPhone.Build.0 = Debug|Any CPU
		{9A2C7D34-0697-31AB-4FD5-E250BB7E0F00}.AppStore|iPhone.ActiveCfg = Debug|Any CPU
		{9A2C7D34-0697-31AB-4FD5-E250BB7E0F00}.AppStore|iPhone.Build.0 = Debug|Any CPU
		{02B75C01-9C92-4DA4-9854-ED4B42C87D00}..net 2 Release|Any CPU.ActiveCfg = Debug|Any CPU
		{02B75C01-9C92-4DA4-9854-ED4B42C87D00}..net 2 Release|Any CPU.Build.0 = Debug|Any CPU
		{02B75C01-9C92-4DA4-9854-ED4B42C87D00}..net 4 Release|Any CPU.ActiveCfg = Debug|Any CPU
		{02B75C01-9C92-4DA4-9854-ED4B42C87D00}..net 4 Release|Any CPU.Build.0 = Debug|Any CPU
		{02B75C01-9C92-4DA4-9854-ED4B42C87D00}.Debug|Any CPU.ActiveCfg = Debug|Any CPU
		{02B75C01-9C92-4DA4-9854-ED4B42C87D00}.Debug|Any CPU.Build.0 = Debug|Any CPU
		{02B75C01-9C92-4DA4-9854-ED4B42C87D00}.Release|Any CPU.ActiveCfg = Release|Any CPU
		{02B75C01-9C92-4DA4-9854-ED4B42C87D00}.Release|Any CPU.Build.0 = Release|Any CPU
		{02B75C01-9C92-4DA4-9854-ED4B42C87D00}.Debug|iPhoneSimulator.ActiveCfg = Debug|Any CPU
		{02B75C01-9C92-4DA4-9854-ED4B42C87D00}.Debug|iPhoneSimulator.Build.0 = Debug|Any CPU
		{02B75C01-9C92-4DA4-9854-ED4B42C87D00}.Release|iPhoneSimulator.ActiveCfg = Release|Any CPU
		{02B75C01-9C92-4DA4-9854-ED4B42C87D00}.Release|iPhoneSimulator.Build.0 = Release|Any CPU
		{02B75C01-9C92-4DA4-9854-ED4B42C87D00}.Debug|iPhone.ActiveCfg = Debug|Any CPU
		{02B75C01-9C92-4DA4-9854-ED4B42C87D00}.Debug|iPhone.Build.0 = Debug|Any CPU
		{02B75C01-9C92-4DA4-9854-ED4B42C87D00}.Release|iPhone.ActiveCfg = Release|Any CPU
		{02B75C01-9C92-4DA4-9854-ED4B42C87D00}.Release|iPhone.Build.0 = Release|Any CPU
		{02B75C01-9C92-4DA4-9854-ED4B42C87D00}.Ad-Hoc|iPhone.ActiveCfg = Debug|Any CPU
		{02B75C01-9C92-4DA4-9854-ED4B42C87D00}.Ad-Hoc|iPhone.Build.0 = Debug|Any CPU
		{02B75C01-9C92-4DA4-9854-ED4B42C87D00}.AppStore|iPhone.ActiveCfg = Debug|Any CPU
		{02B75C01-9C92-4DA4-9854-ED4B42C87D00}.AppStore|iPhone.Build.0 = Debug|Any CPU
		{6589DD45-643C-43B8-8D30-54D1FF82467F}..net 2 Release|Any CPU.ActiveCfg = Debug|x86
		{6589DD45-643C-43B8-8D30-54D1FF82467F}..net 2 Release|Any CPU.Build.0 = Debug|x86
		{6589DD45-643C-43B8-8D30-54D1FF82467F}..net 4 Release|Any CPU.ActiveCfg = Debug|x86
		{6589DD45-643C-43B8-8D30-54D1FF82467F}..net 4 Release|Any CPU.Build.0 = Debug|x86
		{6589DD45-643C-43B8-8D30-54D1FF82467F}.Debug|Any CPU.ActiveCfg = Debug|x86
		{6589DD45-643C-43B8-8D30-54D1FF82467F}.Debug|Any CPU.Build.0 = Debug|x86
		{6589DD45-643C-43B8-8D30-54D1FF82467F}.Release|Any CPU.ActiveCfg = Release|x86
		{6589DD45-643C-43B8-8D30-54D1FF82467F}.Release|Any CPU.Build.0 = Release|x86
		{6589DD45-643C-43B8-8D30-54D1FF82467F}.Debug|iPhoneSimulator.ActiveCfg = Debug|x86
		{6589DD45-643C-43B8-8D30-54D1FF82467F}.Debug|iPhoneSimulator.Build.0 = Debug|x86
		{6589DD45-643C-43B8-8D30-54D1FF82467F}.Release|iPhoneSimulator.ActiveCfg = Release|x86
		{6589DD45-643C-43B8-8D30-54D1FF82467F}.Release|iPhoneSimulator.Build.0 = Release|x86
		{6589DD45-643C-43B8-8D30-54D1FF82467F}.Debug|iPhone.ActiveCfg = Debug|x86
		{6589DD45-643C-43B8-8D30-54D1FF82467F}.Debug|iPhone.Build.0 = Debug|x86
		{6589DD45-643C-43B8-8D30-54D1FF82467F}.Release|iPhone.ActiveCfg = Release|x86
		{6589DD45-643C-43B8-8D30-54D1FF82467F}.Release|iPhone.Build.0 = Release|x86
		{6589DD45-643C-43B8-8D30-54D1FF82467F}.Ad-Hoc|iPhone.ActiveCfg = Debug|x86
		{6589DD45-643C-43B8-8D30-54D1FF82467F}.Ad-Hoc|iPhone.Build.0 = Debug|x86
		{6589DD45-643C-43B8-8D30-54D1FF82467F}.AppStore|iPhone.ActiveCfg = Debug|x86
		{6589DD45-643C-43B8-8D30-54D1FF82467F}.AppStore|iPhone.Build.0 = Debug|x86
		{544B0331-0B5D-48EC-96F8-F0AC8BD7EC32}..net 2 Release|Any CPU.ActiveCfg = Debug|Any CPU
		{544B0331-0B5D-48EC-96F8-F0AC8BD7EC32}..net 2 Release|Any CPU.Build.0 = Debug|Any CPU
		{544B0331-0B5D-48EC-96F8-F0AC8BD7EC32}..net 4 Release|Any CPU.ActiveCfg = Debug|Any CPU
		{544B0331-0B5D-48EC-96F8-F0AC8BD7EC32}..net 4 Release|Any CPU.Build.0 = Debug|Any CPU
		{544B0331-0B5D-48EC-96F8-F0AC8BD7EC32}.Debug|Any CPU.ActiveCfg = Debug|Any CPU
		{544B0331-0B5D-48EC-96F8-F0AC8BD7EC32}.Debug|Any CPU.Build.0 = Debug|Any CPU
		{544B0331-0B5D-48EC-96F8-F0AC8BD7EC32}.Release|Any CPU.ActiveCfg = Release|Any CPU
		{544B0331-0B5D-48EC-96F8-F0AC8BD7EC32}.Release|Any CPU.Build.0 = Release|Any CPU
		{544B0331-0B5D-48EC-96F8-F0AC8BD7EC32}.Debug|iPhoneSimulator.ActiveCfg = Debug|Any CPU
		{544B0331-0B5D-48EC-96F8-F0AC8BD7EC32}.Debug|iPhoneSimulator.Build.0 = Debug|Any CPU
		{544B0331-0B5D-48EC-96F8-F0AC8BD7EC32}.Release|iPhoneSimulator.ActiveCfg = Release|Any CPU
		{544B0331-0B5D-48EC-96F8-F0AC8BD7EC32}.Release|iPhoneSimulator.Build.0 = Release|Any CPU
		{544B0331-0B5D-48EC-96F8-F0AC8BD7EC32}.Debug|iPhone.ActiveCfg = Debug|Any CPU
		{544B0331-0B5D-48EC-96F8-F0AC8BD7EC32}.Debug|iPhone.Build.0 = Debug|Any CPU
		{544B0331-0B5D-48EC-96F8-F0AC8BD7EC32}.Release|iPhone.ActiveCfg = Release|Any CPU
		{544B0331-0B5D-48EC-96F8-F0AC8BD7EC32}.Release|iPhone.Build.0 = Release|Any CPU
		{544B0331-0B5D-48EC-96F8-F0AC8BD7EC32}.Ad-Hoc|iPhone.ActiveCfg = Debug|Any CPU
		{544B0331-0B5D-48EC-96F8-F0AC8BD7EC32}.Ad-Hoc|iPhone.Build.0 = Debug|Any CPU
		{544B0331-0B5D-48EC-96F8-F0AC8BD7EC32}.AppStore|iPhone.ActiveCfg = Debug|Any CPU
		{544B0331-0B5D-48EC-96F8-F0AC8BD7EC32}.AppStore|iPhone.Build.0 = Debug|Any CPU
		{15317A1A-F222-4D7A-9865-8AAF27241BDA}..net 2 Release|Any CPU.ActiveCfg = Debug|Any CPU
		{15317A1A-F222-4D7A-9865-8AAF27241BDA}..net 2 Release|Any CPU.Build.0 = Debug|Any CPU
		{15317A1A-F222-4D7A-9865-8AAF27241BDA}..net 4 Release|Any CPU.ActiveCfg = Debug|Any CPU
		{15317A1A-F222-4D7A-9865-8AAF27241BDA}..net 4 Release|Any CPU.Build.0 = Debug|Any CPU
		{15317A1A-F222-4D7A-9865-8AAF27241BDA}.Debug|Any CPU.ActiveCfg = Debug|Any CPU
		{15317A1A-F222-4D7A-9865-8AAF27241BDA}.Debug|Any CPU.Build.0 = Debug|Any CPU
		{15317A1A-F222-4D7A-9865-8AAF27241BDA}.Release|Any CPU.ActiveCfg = Release|Any CPU
		{15317A1A-F222-4D7A-9865-8AAF27241BDA}.Release|Any CPU.Build.0 = Release|Any CPU
		{15317A1A-F222-4D7A-9865-8AAF27241BDA}.Debug|iPhoneSimulator.ActiveCfg = Debug|Any CPU
		{15317A1A-F222-4D7A-9865-8AAF27241BDA}.Debug|iPhoneSimulator.Build.0 = Debug|Any CPU
		{15317A1A-F222-4D7A-9865-8AAF27241BDA}.Release|iPhoneSimulator.ActiveCfg = Release|Any CPU
		{15317A1A-F222-4D7A-9865-8AAF27241BDA}.Release|iPhoneSimulator.Build.0 = Release|Any CPU
		{15317A1A-F222-4D7A-9865-8AAF27241BDA}.Debug|iPhone.ActiveCfg = Debug|Any CPU
		{15317A1A-F222-4D7A-9865-8AAF27241BDA}.Debug|iPhone.Build.0 = Debug|Any CPU
		{15317A1A-F222-4D7A-9865-8AAF27241BDA}.Release|iPhone.ActiveCfg = Release|Any CPU
		{15317A1A-F222-4D7A-9865-8AAF27241BDA}.Release|iPhone.Build.0 = Release|Any CPU
		{15317A1A-F222-4D7A-9865-8AAF27241BDA}.Ad-Hoc|iPhone.ActiveCfg = Debug|Any CPU
		{15317A1A-F222-4D7A-9865-8AAF27241BDA}.Ad-Hoc|iPhone.Build.0 = Debug|Any CPU
		{15317A1A-F222-4D7A-9865-8AAF27241BDA}.AppStore|iPhone.ActiveCfg = Debug|Any CPU
		{15317A1A-F222-4D7A-9865-8AAF27241BDA}.AppStore|iPhone.Build.0 = Debug|Any CPU
		{5796F902-CBC0-45B4-A342-43621A597D6D}..net 2 Release|Any CPU.ActiveCfg = Debug|iPhoneSimulator
		{5796F902-CBC0-45B4-A342-43621A597D6D}..net 2 Release|Any CPU.Build.0 = Debug|iPhoneSimulator
		{5796F902-CBC0-45B4-A342-43621A597D6D}..net 4 Release|Any CPU.ActiveCfg = Debug|iPhoneSimulator
		{5796F902-CBC0-45B4-A342-43621A597D6D}..net 4 Release|Any CPU.Build.0 = Debug|iPhoneSimulator
		{5796F902-CBC0-45B4-A342-43621A597D6D}.Debug|Any CPU.ActiveCfg = Debug|iPhoneSimulator
		{5796F902-CBC0-45B4-A342-43621A597D6D}.Debug|Any CPU.Build.0 = Debug|iPhoneSimulator
		{5796F902-CBC0-45B4-A342-43621A597D6D}.Release|Any CPU.ActiveCfg = Release|iPhoneSimulator
		{5796F902-CBC0-45B4-A342-43621A597D6D}.Release|Any CPU.Build.0 = Release|iPhoneSimulator
		{5796F902-CBC0-45B4-A342-43621A597D6D}.Debug|iPhoneSimulator.ActiveCfg = Debug|iPhoneSimulator
		{5796F902-CBC0-45B4-A342-43621A597D6D}.Debug|iPhoneSimulator.Build.0 = Debug|iPhoneSimulator
		{5796F902-CBC0-45B4-A342-43621A597D6D}.Release|iPhoneSimulator.ActiveCfg = Release|iPhoneSimulator
		{5796F902-CBC0-45B4-A342-43621A597D6D}.Release|iPhoneSimulator.Build.0 = Release|iPhoneSimulator
		{5796F902-CBC0-45B4-A342-43621A597D6D}.Debug|iPhone.ActiveCfg = Debug|iPhone
		{5796F902-CBC0-45B4-A342-43621A597D6D}.Debug|iPhone.Build.0 = Debug|iPhone
		{5796F902-CBC0-45B4-A342-43621A597D6D}.Release|iPhone.ActiveCfg = Release|iPhone
		{5796F902-CBC0-45B4-A342-43621A597D6D}.Release|iPhone.Build.0 = Release|iPhone
		{5796F902-CBC0-45B4-A342-43621A597D6D}.Ad-Hoc|iPhone.ActiveCfg = Debug|iPhone
		{5796F902-CBC0-45B4-A342-43621A597D6D}.Ad-Hoc|iPhone.Build.0 = Debug|iPhone
		{5796F902-CBC0-45B4-A342-43621A597D6D}.AppStore|iPhone.ActiveCfg = Debug|iPhone
		{5796F902-CBC0-45B4-A342-43621A597D6D}.AppStore|iPhone.Build.0 = Debug|iPhone
		{C478B8D2-3A6D-436D-ABE7-8010B9FAF73B}..net 2 Release|Any CPU.ActiveCfg = Debug|Any CPU
		{C478B8D2-3A6D-436D-ABE7-8010B9FAF73B}..net 2 Release|Any CPU.Build.0 = Debug|Any CPU
		{C478B8D2-3A6D-436D-ABE7-8010B9FAF73B}..net 4 Release|Any CPU.ActiveCfg = Debug|Any CPU
		{C478B8D2-3A6D-436D-ABE7-8010B9FAF73B}..net 4 Release|Any CPU.Build.0 = Debug|Any CPU
		{C478B8D2-3A6D-436D-ABE7-8010B9FAF73B}.Debug|Any CPU.ActiveCfg = Debug|Any CPU
		{C478B8D2-3A6D-436D-ABE7-8010B9FAF73B}.Debug|Any CPU.Build.0 = Debug|Any CPU
		{C478B8D2-3A6D-436D-ABE7-8010B9FAF73B}.Release|Any CPU.ActiveCfg = Release|Any CPU
		{C478B8D2-3A6D-436D-ABE7-8010B9FAF73B}.Release|Any CPU.Build.0 = Release|Any CPU
		{C478B8D2-3A6D-436D-ABE7-8010B9FAF73B}.Debug|iPhoneSimulator.ActiveCfg = Debug|Any CPU
		{C478B8D2-3A6D-436D-ABE7-8010B9FAF73B}.Debug|iPhoneSimulator.Build.0 = Debug|Any CPU
		{C478B8D2-3A6D-436D-ABE7-8010B9FAF73B}.Release|iPhoneSimulator.ActiveCfg = Release|Any CPU
		{C478B8D2-3A6D-436D-ABE7-8010B9FAF73B}.Release|iPhoneSimulator.Build.0 = Release|Any CPU
		{C478B8D2-3A6D-436D-ABE7-8010B9FAF73B}.Debug|iPhone.ActiveCfg = Debug|Any CPU
		{C478B8D2-3A6D-436D-ABE7-8010B9FAF73B}.Debug|iPhone.Build.0 = Debug|Any CPU
		{C478B8D2-3A6D-436D-ABE7-8010B9FAF73B}.Release|iPhone.ActiveCfg = Release|Any CPU
		{C478B8D2-3A6D-436D-ABE7-8010B9FAF73B}.Release|iPhone.Build.0 = Release|Any CPU
		{C478B8D2-3A6D-436D-ABE7-8010B9FAF73B}.Ad-Hoc|iPhone.ActiveCfg = Debug|Any CPU
		{C478B8D2-3A6D-436D-ABE7-8010B9FAF73B}.Ad-Hoc|iPhone.Build.0 = Debug|Any CPU
		{C478B8D2-3A6D-436D-ABE7-8010B9FAF73B}.AppStore|iPhone.ActiveCfg = Debug|Any CPU
		{C478B8D2-3A6D-436D-ABE7-8010B9FAF73B}.AppStore|iPhone.Build.0 = Debug|Any CPU
		{48224037-C134-44A7-B962-0FA840D4D1A3}..net 2 Release|Any CPU.ActiveCfg = Debug|Any CPU
		{48224037-C134-44A7-B962-0FA840D4D1A3}..net 2 Release|Any CPU.Build.0 = Debug|Any CPU
		{48224037-C134-44A7-B962-0FA840D4D1A3}..net 4 Release|Any CPU.ActiveCfg = Debug|Any CPU
		{48224037-C134-44A7-B962-0FA840D4D1A3}..net 4 Release|Any CPU.Build.0 = Debug|Any CPU
		{48224037-C134-44A7-B962-0FA840D4D1A3}.Debug|Any CPU.ActiveCfg = Debug|Any CPU
		{48224037-C134-44A7-B962-0FA840D4D1A3}.Debug|Any CPU.Build.0 = Debug|Any CPU
		{48224037-C134-44A7-B962-0FA840D4D1A3}.Release|Any CPU.ActiveCfg = Release|Any CPU
		{48224037-C134-44A7-B962-0FA840D4D1A3}.Release|Any CPU.Build.0 = Release|Any CPU
		{48224037-C134-44A7-B962-0FA840D4D1A3}.Debug|iPhoneSimulator.ActiveCfg = Debug|Any CPU
		{48224037-C134-44A7-B962-0FA840D4D1A3}.Debug|iPhoneSimulator.Build.0 = Debug|Any CPU
		{48224037-C134-44A7-B962-0FA840D4D1A3}.Release|iPhoneSimulator.ActiveCfg = Release|Any CPU
		{48224037-C134-44A7-B962-0FA840D4D1A3}.Release|iPhoneSimulator.Build.0 = Release|Any CPU
		{48224037-C134-44A7-B962-0FA840D4D1A3}.Debug|iPhone.ActiveCfg = Debug|Any CPU
		{48224037-C134-44A7-B962-0FA840D4D1A3}.Debug|iPhone.Build.0 = Debug|Any CPU
		{48224037-C134-44A7-B962-0FA840D4D1A3}.Release|iPhone.ActiveCfg = Release|Any CPU
		{48224037-C134-44A7-B962-0FA840D4D1A3}.Release|iPhone.Build.0 = Release|Any CPU
		{48224037-C134-44A7-B962-0FA840D4D1A3}.Ad-Hoc|iPhone.ActiveCfg = Debug|Any CPU
		{48224037-C134-44A7-B962-0FA840D4D1A3}.Ad-Hoc|iPhone.Build.0 = Debug|Any CPU
		{48224037-C134-44A7-B962-0FA840D4D1A3}.AppStore|iPhone.ActiveCfg = Debug|Any CPU
		{48224037-C134-44A7-B962-0FA840D4D1A3}.AppStore|iPhone.Build.0 = Debug|Any CPU
		{375E0BB7-2A71-440C-8F84-3D858B22501A}..net 2 Release|Any CPU.ActiveCfg = Debug|Any CPU
		{375E0BB7-2A71-440C-8F84-3D858B22501A}..net 2 Release|Any CPU.Build.0 = Debug|Any CPU
		{375E0BB7-2A71-440C-8F84-3D858B22501A}..net 4 Release|Any CPU.ActiveCfg = Debug|Any CPU
		{375E0BB7-2A71-440C-8F84-3D858B22501A}..net 4 Release|Any CPU.Build.0 = Debug|Any CPU
		{375E0BB7-2A71-440C-8F84-3D858B22501A}.Debug|Any CPU.ActiveCfg = Debug|Any CPU
		{375E0BB7-2A71-440C-8F84-3D858B22501A}.Debug|Any CPU.Build.0 = Debug|Any CPU
		{375E0BB7-2A71-440C-8F84-3D858B22501A}.Release|Any CPU.ActiveCfg = Release|Any CPU
		{375E0BB7-2A71-440C-8F84-3D858B22501A}.Release|Any CPU.Build.0 = Release|Any CPU
		{375E0BB7-2A71-440C-8F84-3D858B22501A}.Debug|iPhoneSimulator.ActiveCfg = Debug|Any CPU
		{375E0BB7-2A71-440C-8F84-3D858B22501A}.Debug|iPhoneSimulator.Build.0 = Debug|Any CPU
		{375E0BB7-2A71-440C-8F84-3D858B22501A}.Release|iPhoneSimulator.ActiveCfg = Release|Any CPU
		{375E0BB7-2A71-440C-8F84-3D858B22501A}.Release|iPhoneSimulator.Build.0 = Release|Any CPU
		{375E0BB7-2A71-440C-8F84-3D858B22501A}.Debug|iPhone.ActiveCfg = Debug|Any CPU
		{375E0BB7-2A71-440C-8F84-3D858B22501A}.Debug|iPhone.Build.0 = Debug|Any CPU
		{375E0BB7-2A71-440C-8F84-3D858B22501A}.Release|iPhone.ActiveCfg = Release|Any CPU
		{375E0BB7-2A71-440C-8F84-3D858B22501A}.Release|iPhone.Build.0 = Release|Any CPU
		{375E0BB7-2A71-440C-8F84-3D858B22501A}.Ad-Hoc|iPhone.ActiveCfg = Debug|Any CPU
		{375E0BB7-2A71-440C-8F84-3D858B22501A}.Ad-Hoc|iPhone.Build.0 = Debug|Any CPU
		{375E0BB7-2A71-440C-8F84-3D858B22501A}.AppStore|iPhone.ActiveCfg = Debug|Any CPU
		{375E0BB7-2A71-440C-8F84-3D858B22501A}.AppStore|iPhone.Build.0 = Debug|Any CPU
		{54FEE852-8725-4AF6-9800-88EE373C3495}..net 2 Release|Any CPU.ActiveCfg = Debug|Any CPU
		{54FEE852-8725-4AF6-9800-88EE373C3495}..net 2 Release|Any CPU.Build.0 = Debug|Any CPU
		{54FEE852-8725-4AF6-9800-88EE373C3495}..net 4 Release|Any CPU.ActiveCfg = Debug|Any CPU
		{54FEE852-8725-4AF6-9800-88EE373C3495}..net 4 Release|Any CPU.Build.0 = Debug|Any CPU
		{54FEE852-8725-4AF6-9800-88EE373C3495}.Debug|Any CPU.ActiveCfg = Debug|Any CPU
		{54FEE852-8725-4AF6-9800-88EE373C3495}.Debug|Any CPU.Build.0 = Debug|Any CPU
		{54FEE852-8725-4AF6-9800-88EE373C3495}.Release|Any CPU.ActiveCfg = Release|Any CPU
		{54FEE852-8725-4AF6-9800-88EE373C3495}.Release|Any CPU.Build.0 = Release|Any CPU
		{54FEE852-8725-4AF6-9800-88EE373C3495}.Debug|iPhoneSimulator.ActiveCfg = Debug|Any CPU
		{54FEE852-8725-4AF6-9800-88EE373C3495}.Debug|iPhoneSimulator.Build.0 = Debug|Any CPU
		{54FEE852-8725-4AF6-9800-88EE373C3495}.Release|iPhoneSimulator.ActiveCfg = Release|Any CPU
		{54FEE852-8725-4AF6-9800-88EE373C3495}.Release|iPhoneSimulator.Build.0 = Release|Any CPU
		{54FEE852-8725-4AF6-9800-88EE373C3495}.Debug|iPhone.ActiveCfg = Debug|Any CPU
		{54FEE852-8725-4AF6-9800-88EE373C3495}.Debug|iPhone.Build.0 = Debug|Any CPU
		{54FEE852-8725-4AF6-9800-88EE373C3495}.Release|iPhone.ActiveCfg = Release|Any CPU
		{54FEE852-8725-4AF6-9800-88EE373C3495}.Release|iPhone.Build.0 = Release|Any CPU
		{54FEE852-8725-4AF6-9800-88EE373C3495}.Ad-Hoc|iPhone.ActiveCfg = Release|Any CPU
		{54FEE852-8725-4AF6-9800-88EE373C3495}.Ad-Hoc|iPhone.Build.0 = Release|Any CPU
		{54FEE852-8725-4AF6-9800-88EE373C3495}.AppStore|iPhone.ActiveCfg = Release|Any CPU
		{54FEE852-8725-4AF6-9800-88EE373C3495}.AppStore|iPhone.Build.0 = Release|Any CPU
		{32C167AA-1978-4932-9F91-EDD4865BF164}..net 2 Release|Any CPU.ActiveCfg = Debug|Any CPU
		{32C167AA-1978-4932-9F91-EDD4865BF164}..net 2 Release|Any CPU.Build.0 = Debug|Any CPU
		{32C167AA-1978-4932-9F91-EDD4865BF164}..net 4 Release|Any CPU.ActiveCfg = Debug|Any CPU
		{32C167AA-1978-4932-9F91-EDD4865BF164}..net 4 Release|Any CPU.Build.0 = Debug|Any CPU
		{32C167AA-1978-4932-9F91-EDD4865BF164}.Debug|Any CPU.ActiveCfg = Debug|Any CPU
		{32C167AA-1978-4932-9F91-EDD4865BF164}.Debug|Any CPU.Build.0 = Debug|Any CPU
		{32C167AA-1978-4932-9F91-EDD4865BF164}.Release|Any CPU.ActiveCfg = Release|Any CPU
		{32C167AA-1978-4932-9F91-EDD4865BF164}.Release|Any CPU.Build.0 = Release|Any CPU
		{32C167AA-1978-4932-9F91-EDD4865BF164}.Debug|iPhoneSimulator.ActiveCfg = Debug|Any CPU
		{32C167AA-1978-4932-9F91-EDD4865BF164}.Debug|iPhoneSimulator.Build.0 = Debug|Any CPU
		{32C167AA-1978-4932-9F91-EDD4865BF164}.Release|iPhoneSimulator.ActiveCfg = Release|Any CPU
		{32C167AA-1978-4932-9F91-EDD4865BF164}.Release|iPhoneSimulator.Build.0 = Release|Any CPU
		{32C167AA-1978-4932-9F91-EDD4865BF164}.Debug|iPhone.ActiveCfg = Debug|Any CPU
		{32C167AA-1978-4932-9F91-EDD4865BF164}.Debug|iPhone.Build.0 = Debug|Any CPU
		{32C167AA-1978-4932-9F91-EDD4865BF164}.Release|iPhone.ActiveCfg = Release|Any CPU
		{32C167AA-1978-4932-9F91-EDD4865BF164}.Release|iPhone.Build.0 = Release|Any CPU
		{32C167AA-1978-4932-9F91-EDD4865BF164}.Ad-Hoc|iPhone.ActiveCfg = Debug|Any CPU
		{32C167AA-1978-4932-9F91-EDD4865BF164}.Ad-Hoc|iPhone.Build.0 = Debug|Any CPU
		{32C167AA-1978-4932-9F91-EDD4865BF164}.AppStore|iPhone.ActiveCfg = Debug|Any CPU
		{32C167AA-1978-4932-9F91-EDD4865BF164}.AppStore|iPhone.Build.0 = Debug|Any CPU
		{108EF9E9-D868-45BA-BA7A-E2AB3145CF9A}..net 2 Release|Any CPU.ActiveCfg = Debug|Any CPU
		{108EF9E9-D868-45BA-BA7A-E2AB3145CF9A}..net 2 Release|Any CPU.Build.0 = Debug|Any CPU
		{108EF9E9-D868-45BA-BA7A-E2AB3145CF9A}..net 4 Release|Any CPU.ActiveCfg = Debug|Any CPU
		{108EF9E9-D868-45BA-BA7A-E2AB3145CF9A}..net 4 Release|Any CPU.Build.0 = Debug|Any CPU
		{108EF9E9-D868-45BA-BA7A-E2AB3145CF9A}.Debug|Any CPU.ActiveCfg = Debug|Any CPU
		{108EF9E9-D868-45BA-BA7A-E2AB3145CF9A}.Debug|Any CPU.Build.0 = Debug|Any CPU
		{108EF9E9-D868-45BA-BA7A-E2AB3145CF9A}.Release|Any CPU.ActiveCfg = Release|Any CPU
		{108EF9E9-D868-45BA-BA7A-E2AB3145CF9A}.Release|Any CPU.Build.0 = Release|Any CPU
		{108EF9E9-D868-45BA-BA7A-E2AB3145CF9A}.Debug|iPhoneSimulator.ActiveCfg = Debug|Any CPU
		{108EF9E9-D868-45BA-BA7A-E2AB3145CF9A}.Debug|iPhoneSimulator.Build.0 = Debug|Any CPU
		{108EF9E9-D868-45BA-BA7A-E2AB3145CF9A}.Release|iPhoneSimulator.ActiveCfg = Release|Any CPU
		{108EF9E9-D868-45BA-BA7A-E2AB3145CF9A}.Release|iPhoneSimulator.Build.0 = Release|Any CPU
		{108EF9E9-D868-45BA-BA7A-E2AB3145CF9A}.Debug|iPhone.ActiveCfg = Debug|Any CPU
		{108EF9E9-D868-45BA-BA7A-E2AB3145CF9A}.Debug|iPhone.Build.0 = Debug|Any CPU
		{108EF9E9-D868-45BA-BA7A-E2AB3145CF9A}.Release|iPhone.ActiveCfg = Release|Any CPU
		{108EF9E9-D868-45BA-BA7A-E2AB3145CF9A}.Release|iPhone.Build.0 = Release|Any CPU
		{108EF9E9-D868-45BA-BA7A-E2AB3145CF9A}.Ad-Hoc|iPhone.ActiveCfg = Debug|Any CPU
		{108EF9E9-D868-45BA-BA7A-E2AB3145CF9A}.Ad-Hoc|iPhone.Build.0 = Debug|Any CPU
		{108EF9E9-D868-45BA-BA7A-E2AB3145CF9A}.AppStore|iPhone.ActiveCfg = Debug|Any CPU
		{108EF9E9-D868-45BA-BA7A-E2AB3145CF9A}.AppStore|iPhone.Build.0 = Debug|Any CPU
		{3BAAE235-8752-4B8E-9AA9-51CC8596DD63}..net 2 Release|Any CPU.ActiveCfg = Debug|Any CPU
		{3BAAE235-8752-4B8E-9AA9-51CC8596DD63}..net 2 Release|Any CPU.Build.0 = Debug|Any CPU
		{3BAAE235-8752-4B8E-9AA9-51CC8596DD63}..net 4 Release|Any CPU.ActiveCfg = Debug|Any CPU
		{3BAAE235-8752-4B8E-9AA9-51CC8596DD63}..net 4 Release|Any CPU.Build.0 = Debug|Any CPU
		{3BAAE235-8752-4B8E-9AA9-51CC8596DD63}.Debug|Any CPU.ActiveCfg = Debug|Any CPU
		{3BAAE235-8752-4B8E-9AA9-51CC8596DD63}.Debug|Any CPU.Build.0 = Debug|Any CPU
		{3BAAE235-8752-4B8E-9AA9-51CC8596DD63}.Release|Any CPU.ActiveCfg = Release|Any CPU
		{3BAAE235-8752-4B8E-9AA9-51CC8596DD63}.Release|Any CPU.Build.0 = Release|Any CPU
		{3BAAE235-8752-4B8E-9AA9-51CC8596DD63}.Debug|iPhoneSimulator.ActiveCfg = Debug|Any CPU
		{3BAAE235-8752-4B8E-9AA9-51CC8596DD63}.Debug|iPhoneSimulator.Build.0 = Debug|Any CPU
		{3BAAE235-8752-4B8E-9AA9-51CC8596DD63}.Release|iPhoneSimulator.ActiveCfg = Release|Any CPU
		{3BAAE235-8752-4B8E-9AA9-51CC8596DD63}.Release|iPhoneSimulator.Build.0 = Release|Any CPU
		{3BAAE235-8752-4B8E-9AA9-51CC8596DD63}.Debug|iPhone.ActiveCfg = Debug|Any CPU
		{3BAAE235-8752-4B8E-9AA9-51CC8596DD63}.Debug|iPhone.Build.0 = Debug|Any CPU
		{3BAAE235-8752-4B8E-9AA9-51CC8596DD63}.Release|iPhone.ActiveCfg = Release|Any CPU
		{3BAAE235-8752-4B8E-9AA9-51CC8596DD63}.Release|iPhone.Build.0 = Release|Any CPU
		{3BAAE235-8752-4B8E-9AA9-51CC8596DD63}.Ad-Hoc|iPhone.ActiveCfg = Debug|Any CPU
		{3BAAE235-8752-4B8E-9AA9-51CC8596DD63}.Ad-Hoc|iPhone.Build.0 = Debug|Any CPU
		{3BAAE235-8752-4B8E-9AA9-51CC8596DD63}.AppStore|iPhone.ActiveCfg = Debug|Any CPU
		{3BAAE235-8752-4B8E-9AA9-51CC8596DD63}.AppStore|iPhone.Build.0 = Debug|Any CPU
		{2A51E6F8-974F-49E1-9E31-B71DC1E91D02}..net 2 Release|Any CPU.ActiveCfg = Debug|Any CPU
		{2A51E6F8-974F-49E1-9E31-B71DC1E91D02}..net 2 Release|Any CPU.Build.0 = Debug|Any CPU
		{2A51E6F8-974F-49E1-9E31-B71DC1E91D02}..net 4 Release|Any CPU.ActiveCfg = Debug|Any CPU
		{2A51E6F8-974F-49E1-9E31-B71DC1E91D02}..net 4 Release|Any CPU.Build.0 = Debug|Any CPU
		{2A51E6F8-974F-49E1-9E31-B71DC1E91D02}.Debug|Any CPU.ActiveCfg = Debug|Any CPU
		{2A51E6F8-974F-49E1-9E31-B71DC1E91D02}.Debug|Any CPU.Build.0 = Debug|Any CPU
		{2A51E6F8-974F-49E1-9E31-B71DC1E91D02}.Release|Any CPU.ActiveCfg = Release|Any CPU
		{2A51E6F8-974F-49E1-9E31-B71DC1E91D02}.Release|Any CPU.Build.0 = Release|Any CPU
		{2A51E6F8-974F-49E1-9E31-B71DC1E91D02}.Debug|iPhoneSimulator.ActiveCfg = Debug|Any CPU
		{2A51E6F8-974F-49E1-9E31-B71DC1E91D02}.Debug|iPhoneSimulator.Build.0 = Debug|Any CPU
		{2A51E6F8-974F-49E1-9E31-B71DC1E91D02}.Release|iPhoneSimulator.ActiveCfg = Release|Any CPU
		{2A51E6F8-974F-49E1-9E31-B71DC1E91D02}.Release|iPhoneSimulator.Build.0 = Release|Any CPU
		{2A51E6F8-974F-49E1-9E31-B71DC1E91D02}.Debug|iPhone.ActiveCfg = Debug|Any CPU
		{2A51E6F8-974F-49E1-9E31-B71DC1E91D02}.Debug|iPhone.Build.0 = Debug|Any CPU
		{2A51E6F8-974F-49E1-9E31-B71DC1E91D02}.Release|iPhone.ActiveCfg = Release|Any CPU
		{2A51E6F8-974F-49E1-9E31-B71DC1E91D02}.Release|iPhone.Build.0 = Release|Any CPU
		{2A51E6F8-974F-49E1-9E31-B71DC1E91D02}.Ad-Hoc|iPhone.ActiveCfg = Debug|Any CPU
		{2A51E6F8-974F-49E1-9E31-B71DC1E91D02}.Ad-Hoc|iPhone.Build.0 = Debug|Any CPU
		{2A51E6F8-974F-49E1-9E31-B71DC1E91D02}.AppStore|iPhone.ActiveCfg = Debug|Any CPU
		{2A51E6F8-974F-49E1-9E31-B71DC1E91D02}.AppStore|iPhone.Build.0 = Debug|Any CPU
		{2EDE9B56-D827-46E4-84FC-AB60DF230419}..net 2 Release|Any CPU.ActiveCfg = Debug|Any CPU
		{2EDE9B56-D827-46E4-84FC-AB60DF230419}..net 2 Release|Any CPU.Build.0 = Debug|Any CPU
		{2EDE9B56-D827-46E4-84FC-AB60DF230419}..net 4 Release|Any CPU.ActiveCfg = Debug|Any CPU
		{2EDE9B56-D827-46E4-84FC-AB60DF230419}..net 4 Release|Any CPU.Build.0 = Debug|Any CPU
		{2EDE9B56-D827-46E4-84FC-AB60DF230419}.Debug|Any CPU.ActiveCfg = Debug|Any CPU
		{2EDE9B56-D827-46E4-84FC-AB60DF230419}.Debug|Any CPU.Build.0 = Debug|Any CPU
		{2EDE9B56-D827-46E4-84FC-AB60DF230419}.Release|Any CPU.ActiveCfg = Release|Any CPU
		{2EDE9B56-D827-46E4-84FC-AB60DF230419}.Release|Any CPU.Build.0 = Release|Any CPU
		{2EDE9B56-D827-46E4-84FC-AB60DF230419}.Debug|iPhoneSimulator.ActiveCfg = Debug|Any CPU
		{2EDE9B56-D827-46E4-84FC-AB60DF230419}.Debug|iPhoneSimulator.Build.0 = Debug|Any CPU
		{2EDE9B56-D827-46E4-84FC-AB60DF230419}.Release|iPhoneSimulator.ActiveCfg = Release|Any CPU
		{2EDE9B56-D827-46E4-84FC-AB60DF230419}.Release|iPhoneSimulator.Build.0 = Release|Any CPU
		{2EDE9B56-D827-46E4-84FC-AB60DF230419}.Debug|iPhone.ActiveCfg = Debug|Any CPU
		{2EDE9B56-D827-46E4-84FC-AB60DF230419}.Debug|iPhone.Build.0 = Debug|Any CPU
		{2EDE9B56-D827-46E4-84FC-AB60DF230419}.Release|iPhone.ActiveCfg = Release|Any CPU
		{2EDE9B56-D827-46E4-84FC-AB60DF230419}.Release|iPhone.Build.0 = Release|Any CPU
		{2EDE9B56-D827-46E4-84FC-AB60DF230419}.Ad-Hoc|iPhone.ActiveCfg = Debug|Any CPU
		{2EDE9B56-D827-46E4-84FC-AB60DF230419}.Ad-Hoc|iPhone.Build.0 = Debug|Any CPU
		{2EDE9B56-D827-46E4-84FC-AB60DF230419}.AppStore|iPhone.ActiveCfg = Debug|Any CPU
		{2EDE9B56-D827-46E4-84FC-AB60DF230419}.AppStore|iPhone.Build.0 = Debug|Any CPU
		{F5E642AC-0259-4C16-9036-DB6ADCC97510}..net 2 Release|Any CPU.ActiveCfg = Debug|Any CPU
		{F5E642AC-0259-4C16-9036-DB6ADCC97510}..net 2 Release|Any CPU.Build.0 = Debug|Any CPU
		{F5E642AC-0259-4C16-9036-DB6ADCC97510}..net 4 Release|Any CPU.ActiveCfg = Debug|Any CPU
		{F5E642AC-0259-4C16-9036-DB6ADCC97510}..net 4 Release|Any CPU.Build.0 = Debug|Any CPU
		{F5E642AC-0259-4C16-9036-DB6ADCC97510}.Debug|Any CPU.ActiveCfg = Debug|Any CPU
		{F5E642AC-0259-4C16-9036-DB6ADCC97510}.Debug|Any CPU.Build.0 = Debug|Any CPU
		{F5E642AC-0259-4C16-9036-DB6ADCC97510}.Release|Any CPU.ActiveCfg = Release|Any CPU
		{F5E642AC-0259-4C16-9036-DB6ADCC97510}.Release|Any CPU.Build.0 = Release|Any CPU
		{F5E642AC-0259-4C16-9036-DB6ADCC97510}.Debug|iPhoneSimulator.ActiveCfg = Debug|Any CPU
		{F5E642AC-0259-4C16-9036-DB6ADCC97510}.Debug|iPhoneSimulator.Build.0 = Debug|Any CPU
		{F5E642AC-0259-4C16-9036-DB6ADCC97510}.Release|iPhoneSimulator.ActiveCfg = Release|Any CPU
		{F5E642AC-0259-4C16-9036-DB6ADCC97510}.Release|iPhoneSimulator.Build.0 = Release|Any CPU
		{F5E642AC-0259-4C16-9036-DB6ADCC97510}.Debug|iPhone.ActiveCfg = Debug|Any CPU
		{F5E642AC-0259-4C16-9036-DB6ADCC97510}.Debug|iPhone.Build.0 = Debug|Any CPU
		{F5E642AC-0259-4C16-9036-DB6ADCC97510}.Release|iPhone.ActiveCfg = Release|Any CPU
		{F5E642AC-0259-4C16-9036-DB6ADCC97510}.Release|iPhone.Build.0 = Release|Any CPU
		{F5E642AC-0259-4C16-9036-DB6ADCC97510}.Ad-Hoc|iPhone.ActiveCfg = Ad-Hoc|Any CPU
		{F5E642AC-0259-4C16-9036-DB6ADCC97510}.AppStore|iPhone.ActiveCfg = AppStore|Any CPU
		{4EA15B05-58C1-46A0-8DCC-09C2A212A569}..net 2 Release|Any CPU.ActiveCfg = Debug|Any CPU
		{4EA15B05-58C1-46A0-8DCC-09C2A212A569}..net 2 Release|Any CPU.Build.0 = Debug|Any CPU
		{4EA15B05-58C1-46A0-8DCC-09C2A212A569}..net 4 Release|Any CPU.ActiveCfg = Debug|Any CPU
		{4EA15B05-58C1-46A0-8DCC-09C2A212A569}..net 4 Release|Any CPU.Build.0 = Debug|Any CPU
		{4EA15B05-58C1-46A0-8DCC-09C2A212A569}.Debug|Any CPU.ActiveCfg = Debug|Any CPU
		{4EA15B05-58C1-46A0-8DCC-09C2A212A569}.Debug|Any CPU.Build.0 = Debug|Any CPU
		{4EA15B05-58C1-46A0-8DCC-09C2A212A569}.Release|Any CPU.ActiveCfg = Release|Any CPU
		{4EA15B05-58C1-46A0-8DCC-09C2A212A569}.Release|Any CPU.Build.0 = Release|Any CPU
		{4EA15B05-58C1-46A0-8DCC-09C2A212A569}.Debug|iPhoneSimulator.ActiveCfg = Debug|Any CPU
		{4EA15B05-58C1-46A0-8DCC-09C2A212A569}.Debug|iPhoneSimulator.Build.0 = Debug|Any CPU
		{4EA15B05-58C1-46A0-8DCC-09C2A212A569}.Release|iPhoneSimulator.ActiveCfg = Release|Any CPU
		{4EA15B05-58C1-46A0-8DCC-09C2A212A569}.Release|iPhoneSimulator.Build.0 = Release|Any CPU
		{4EA15B05-58C1-46A0-8DCC-09C2A212A569}.Debug|iPhone.ActiveCfg = Debug|Any CPU
		{4EA15B05-58C1-46A0-8DCC-09C2A212A569}.Debug|iPhone.Build.0 = Debug|Any CPU
		{4EA15B05-58C1-46A0-8DCC-09C2A212A569}.Release|iPhone.ActiveCfg = Release|Any CPU
		{4EA15B05-58C1-46A0-8DCC-09C2A212A569}.Release|iPhone.Build.0 = Release|Any CPU
		{4EA15B05-58C1-46A0-8DCC-09C2A212A569}.Ad-Hoc|iPhone.ActiveCfg = Ad-Hoc|Any CPU
		{4EA15B05-58C1-46A0-8DCC-09C2A212A569}.AppStore|iPhone.ActiveCfg = AppStore|Any CPU
		{2498A26F-2426-4525-84D4-DE2FC49A40FB}..net 2 Release|Any CPU.ActiveCfg = Release|Any CPU
		{2498A26F-2426-4525-84D4-DE2FC49A40FB}..net 2 Release|Any CPU.Build.0 = Release|Any CPU
		{2498A26F-2426-4525-84D4-DE2FC49A40FB}..net 4 Release|Any CPU.ActiveCfg = Release|Any CPU
		{2498A26F-2426-4525-84D4-DE2FC49A40FB}..net 4 Release|Any CPU.Build.0 = Release|Any CPU
		{2498A26F-2426-4525-84D4-DE2FC49A40FB}.Debug|Any CPU.ActiveCfg = Debug|Any CPU
		{2498A26F-2426-4525-84D4-DE2FC49A40FB}.Debug|Any CPU.Build.0 = Debug|Any CPU
		{2498A26F-2426-4525-84D4-DE2FC49A40FB}.Release|Any CPU.ActiveCfg = Release|Any CPU
		{2498A26F-2426-4525-84D4-DE2FC49A40FB}.Release|Any CPU.Build.0 = Release|Any CPU
		{2498A26F-2426-4525-84D4-DE2FC49A40FB}.Debug|iPhoneSimulator.ActiveCfg = Debug|Any CPU
		{2498A26F-2426-4525-84D4-DE2FC49A40FB}.Debug|iPhoneSimulator.Build.0 = Debug|Any CPU
		{2498A26F-2426-4525-84D4-DE2FC49A40FB}.Release|iPhoneSimulator.ActiveCfg = Release|Any CPU
		{2498A26F-2426-4525-84D4-DE2FC49A40FB}.Release|iPhoneSimulator.Build.0 = Release|Any CPU
		{2498A26F-2426-4525-84D4-DE2FC49A40FB}.Debug|iPhone.ActiveCfg = Debug|Any CPU
		{2498A26F-2426-4525-84D4-DE2FC49A40FB}.Debug|iPhone.Build.0 = Debug|Any CPU
		{2498A26F-2426-4525-84D4-DE2FC49A40FB}.Release|iPhone.ActiveCfg = Release|Any CPU
		{2498A26F-2426-4525-84D4-DE2FC49A40FB}.Release|iPhone.Build.0 = Release|Any CPU
		{2498A26F-2426-4525-84D4-DE2FC49A40FB}.Ad-Hoc|iPhone.ActiveCfg = Ad-Hoc|Any CPU
		{2498A26F-2426-4525-84D4-DE2FC49A40FB}.AppStore|iPhone.ActiveCfg = AppStore|Any CPU
		{BE9E1675-9879-4CC6-8EA8-43CF65BC67E5}..net 2 Release|Any CPU.ActiveCfg = Release|Any CPU
		{BE9E1675-9879-4CC6-8EA8-43CF65BC67E5}..net 2 Release|Any CPU.Build.0 = Release|Any CPU
		{BE9E1675-9879-4CC6-8EA8-43CF65BC67E5}..net 4 Release|Any CPU.ActiveCfg = Release|Any CPU
		{BE9E1675-9879-4CC6-8EA8-43CF65BC67E5}..net 4 Release|Any CPU.Build.0 = Release|Any CPU
		{BE9E1675-9879-4CC6-8EA8-43CF65BC67E5}.Debug|Any CPU.ActiveCfg = Debug|Any CPU
		{BE9E1675-9879-4CC6-8EA8-43CF65BC67E5}.Debug|Any CPU.Build.0 = Debug|Any CPU
		{BE9E1675-9879-4CC6-8EA8-43CF65BC67E5}.Release|Any CPU.ActiveCfg = Release|Any CPU
		{BE9E1675-9879-4CC6-8EA8-43CF65BC67E5}.Release|Any CPU.Build.0 = Release|Any CPU
		{BE9E1675-9879-4CC6-8EA8-43CF65BC67E5}.Debug|iPhoneSimulator.ActiveCfg = Debug|Any CPU
		{BE9E1675-9879-4CC6-8EA8-43CF65BC67E5}.Debug|iPhoneSimulator.Build.0 = Debug|Any CPU
		{BE9E1675-9879-4CC6-8EA8-43CF65BC67E5}.Release|iPhoneSimulator.ActiveCfg = Release|Any CPU
		{BE9E1675-9879-4CC6-8EA8-43CF65BC67E5}.Release|iPhoneSimulator.Build.0 = Release|Any CPU
		{BE9E1675-9879-4CC6-8EA8-43CF65BC67E5}.Debug|iPhone.ActiveCfg = Debug|Any CPU
		{BE9E1675-9879-4CC6-8EA8-43CF65BC67E5}.Debug|iPhone.Build.0 = Debug|Any CPU
		{BE9E1675-9879-4CC6-8EA8-43CF65BC67E5}.Release|iPhone.ActiveCfg = Release|Any CPU
		{BE9E1675-9879-4CC6-8EA8-43CF65BC67E5}.Release|iPhone.Build.0 = Release|Any CPU
		{BE9E1675-9879-4CC6-8EA8-43CF65BC67E5}.Ad-Hoc|iPhone.ActiveCfg = Ad-Hoc|Any CPU
		{BE9E1675-9879-4CC6-8EA8-43CF65BC67E5}.AppStore|iPhone.ActiveCfg = AppStore|Any CPU
		{25BAC6AF-AD4A-49AF-9493-C94DA06E6274}..net 2 Release|Any CPU.ActiveCfg = Release|Any CPU
		{25BAC6AF-AD4A-49AF-9493-C94DA06E6274}..net 2 Release|Any CPU.Build.0 = Release|Any CPU
		{25BAC6AF-AD4A-49AF-9493-C94DA06E6274}..net 4 Release|Any CPU.ActiveCfg = Release|Any CPU
		{25BAC6AF-AD4A-49AF-9493-C94DA06E6274}..net 4 Release|Any CPU.Build.0 = Release|Any CPU
		{25BAC6AF-AD4A-49AF-9493-C94DA06E6274}.Debug|Any CPU.ActiveCfg = Debug|Any CPU
		{25BAC6AF-AD4A-49AF-9493-C94DA06E6274}.Debug|Any CPU.Build.0 = Debug|Any CPU
		{25BAC6AF-AD4A-49AF-9493-C94DA06E6274}.Release|Any CPU.ActiveCfg = Release|Any CPU
		{25BAC6AF-AD4A-49AF-9493-C94DA06E6274}.Release|Any CPU.Build.0 = Release|Any CPU
		{25BAC6AF-AD4A-49AF-9493-C94DA06E6274}.Debug|iPhoneSimulator.ActiveCfg = Debug|Any CPU
		{25BAC6AF-AD4A-49AF-9493-C94DA06E6274}.Debug|iPhoneSimulator.Build.0 = Debug|Any CPU
		{25BAC6AF-AD4A-49AF-9493-C94DA06E6274}.Release|iPhoneSimulator.ActiveCfg = Release|Any CPU
		{25BAC6AF-AD4A-49AF-9493-C94DA06E6274}.Release|iPhoneSimulator.Build.0 = Release|Any CPU
		{25BAC6AF-AD4A-49AF-9493-C94DA06E6274}.Debug|iPhone.ActiveCfg = Debug|Any CPU
		{25BAC6AF-AD4A-49AF-9493-C94DA06E6274}.Debug|iPhone.Build.0 = Debug|Any CPU
		{25BAC6AF-AD4A-49AF-9493-C94DA06E6274}.Release|iPhone.ActiveCfg = Release|Any CPU
		{25BAC6AF-AD4A-49AF-9493-C94DA06E6274}.Release|iPhone.Build.0 = Release|Any CPU
		{25BAC6AF-AD4A-49AF-9493-C94DA06E6274}.Ad-Hoc|iPhone.ActiveCfg = Ad-Hoc|Any CPU
		{25BAC6AF-AD4A-49AF-9493-C94DA06E6274}.AppStore|iPhone.ActiveCfg = AppStore|Any CPU
		{47435321-5908-49CD-A383-98B94AF75624}..net 2 Release|Any CPU.ActiveCfg = Release|Any CPU
		{47435321-5908-49CD-A383-98B94AF75624}..net 2 Release|Any CPU.Build.0 = Release|Any CPU
		{47435321-5908-49CD-A383-98B94AF75624}..net 4 Release|Any CPU.ActiveCfg = Release|Any CPU
		{47435321-5908-49CD-A383-98B94AF75624}..net 4 Release|Any CPU.Build.0 = Release|Any CPU
		{47435321-5908-49CD-A383-98B94AF75624}.Debug|Any CPU.ActiveCfg = Debug|Any CPU
		{47435321-5908-49CD-A383-98B94AF75624}.Debug|Any CPU.Build.0 = Debug|Any CPU
		{47435321-5908-49CD-A383-98B94AF75624}.Release|Any CPU.ActiveCfg = Release|Any CPU
		{47435321-5908-49CD-A383-98B94AF75624}.Release|Any CPU.Build.0 = Release|Any CPU
		{47435321-5908-49CD-A383-98B94AF75624}.Debug|iPhoneSimulator.ActiveCfg = Debug|Any CPU
		{47435321-5908-49CD-A383-98B94AF75624}.Debug|iPhoneSimulator.Build.0 = Debug|Any CPU
		{47435321-5908-49CD-A383-98B94AF75624}.Release|iPhoneSimulator.ActiveCfg = Release|Any CPU
		{47435321-5908-49CD-A383-98B94AF75624}.Release|iPhoneSimulator.Build.0 = Release|Any CPU
		{47435321-5908-49CD-A383-98B94AF75624}.Debug|iPhone.ActiveCfg = Debug|Any CPU
		{47435321-5908-49CD-A383-98B94AF75624}.Debug|iPhone.Build.0 = Debug|Any CPU
		{47435321-5908-49CD-A383-98B94AF75624}.Release|iPhone.ActiveCfg = Release|Any CPU
		{47435321-5908-49CD-A383-98B94AF75624}.Release|iPhone.Build.0 = Release|Any CPU
		{47435321-5908-49CD-A383-98B94AF75624}.Ad-Hoc|iPhone.ActiveCfg = Ad-Hoc|Any CPU
		{47435321-5908-49CD-A383-98B94AF75624}.AppStore|iPhone.ActiveCfg = AppStore|Any CPU
		{6FF207D5-5F57-4A92-A445-12752A34746D}..net 2 Release|Any CPU.ActiveCfg = Release|Any CPU
		{6FF207D5-5F57-4A92-A445-12752A34746D}..net 2 Release|Any CPU.Build.0 = Release|Any CPU
		{6FF207D5-5F57-4A92-A445-12752A34746D}..net 4 Release|Any CPU.ActiveCfg = Release|Any CPU
		{6FF207D5-5F57-4A92-A445-12752A34746D}..net 4 Release|Any CPU.Build.0 = Release|Any CPU
		{6FF207D5-5F57-4A92-A445-12752A34746D}.Debug|Any CPU.ActiveCfg = Debug|Any CPU
		{6FF207D5-5F57-4A92-A445-12752A34746D}.Debug|Any CPU.Build.0 = Debug|Any CPU
		{6FF207D5-5F57-4A92-A445-12752A34746D}.Release|Any CPU.ActiveCfg = Release|Any CPU
		{6FF207D5-5F57-4A92-A445-12752A34746D}.Release|Any CPU.Build.0 = Release|Any CPU
		{6FF207D5-5F57-4A92-A445-12752A34746D}.Debug|iPhoneSimulator.ActiveCfg = Debug|Any CPU
		{6FF207D5-5F57-4A92-A445-12752A34746D}.Debug|iPhoneSimulator.Build.0 = Debug|Any CPU
		{6FF207D5-5F57-4A92-A445-12752A34746D}.Release|iPhoneSimulator.ActiveCfg = Release|Any CPU
		{6FF207D5-5F57-4A92-A445-12752A34746D}.Release|iPhoneSimulator.Build.0 = Release|Any CPU
		{6FF207D5-5F57-4A92-A445-12752A34746D}.Debug|iPhone.ActiveCfg = Debug|Any CPU
		{6FF207D5-5F57-4A92-A445-12752A34746D}.Debug|iPhone.Build.0 = Debug|Any CPU
		{6FF207D5-5F57-4A92-A445-12752A34746D}.Release|iPhone.ActiveCfg = Release|Any CPU
		{6FF207D5-5F57-4A92-A445-12752A34746D}.Release|iPhone.Build.0 = Release|Any CPU
		{6FF207D5-5F57-4A92-A445-12752A34746D}.Ad-Hoc|iPhone.ActiveCfg = Ad-Hoc|Any CPU
		{6FF207D5-5F57-4A92-A445-12752A34746D}.AppStore|iPhone.ActiveCfg = AppStore|Any CPU
		{EE9103E4-5AE0-4F12-BE18-41464D42A8AB}..net 2 Release|Any CPU.ActiveCfg = Release|Any CPU
		{EE9103E4-5AE0-4F12-BE18-41464D42A8AB}..net 2 Release|Any CPU.Build.0 = Release|Any CPU
		{EE9103E4-5AE0-4F12-BE18-41464D42A8AB}..net 4 Release|Any CPU.ActiveCfg = Release|Any CPU
		{EE9103E4-5AE0-4F12-BE18-41464D42A8AB}..net 4 Release|Any CPU.Build.0 = Release|Any CPU
		{EE9103E4-5AE0-4F12-BE18-41464D42A8AB}.Debug|Any CPU.ActiveCfg = Debug|Any CPU
		{EE9103E4-5AE0-4F12-BE18-41464D42A8AB}.Debug|Any CPU.Build.0 = Debug|Any CPU
		{EE9103E4-5AE0-4F12-BE18-41464D42A8AB}.Release|Any CPU.ActiveCfg = Release|Any CPU
		{EE9103E4-5AE0-4F12-BE18-41464D42A8AB}.Release|Any CPU.Build.0 = Release|Any CPU
		{EE9103E4-5AE0-4F12-BE18-41464D42A8AB}.Debug|iPhoneSimulator.ActiveCfg = Debug|Any CPU
		{EE9103E4-5AE0-4F12-BE18-41464D42A8AB}.Debug|iPhoneSimulator.Build.0 = Debug|Any CPU
		{EE9103E4-5AE0-4F12-BE18-41464D42A8AB}.Release|iPhoneSimulator.ActiveCfg = Release|Any CPU
		{EE9103E4-5AE0-4F12-BE18-41464D42A8AB}.Release|iPhoneSimulator.Build.0 = Release|Any CPU
		{EE9103E4-5AE0-4F12-BE18-41464D42A8AB}.Debug|iPhone.ActiveCfg = Debug|Any CPU
		{EE9103E4-5AE0-4F12-BE18-41464D42A8AB}.Debug|iPhone.Build.0 = Debug|Any CPU
		{EE9103E4-5AE0-4F12-BE18-41464D42A8AB}.Release|iPhone.ActiveCfg = Release|Any CPU
		{EE9103E4-5AE0-4F12-BE18-41464D42A8AB}.Release|iPhone.Build.0 = Release|Any CPU
		{EE9103E4-5AE0-4F12-BE18-41464D42A8AB}.Ad-Hoc|iPhone.ActiveCfg = Ad-Hoc|Any CPU
		{EE9103E4-5AE0-4F12-BE18-41464D42A8AB}.AppStore|iPhone.ActiveCfg = AppStore|Any CPU
		{8B2F6413-0314-4273-99D1-210F09C11A61}..net 2 Release|Any CPU.ActiveCfg = Debug|Any CPU
		{8B2F6413-0314-4273-99D1-210F09C11A61}..net 2 Release|Any CPU.Build.0 = Debug|Any CPU
		{8B2F6413-0314-4273-99D1-210F09C11A61}..net 4 Release|Any CPU.ActiveCfg = Debug|Any CPU
		{8B2F6413-0314-4273-99D1-210F09C11A61}..net 4 Release|Any CPU.Build.0 = Debug|Any CPU
		{8B2F6413-0314-4273-99D1-210F09C11A61}.Debug|Any CPU.ActiveCfg = Debug|Any CPU
		{8B2F6413-0314-4273-99D1-210F09C11A61}.Debug|Any CPU.Build.0 = Debug|Any CPU
		{8B2F6413-0314-4273-99D1-210F09C11A61}.Release|Any CPU.ActiveCfg = Release|Any CPU
		{8B2F6413-0314-4273-99D1-210F09C11A61}.Release|Any CPU.Build.0 = Release|Any CPU
		{8B2F6413-0314-4273-99D1-210F09C11A61}.Debug|iPhoneSimulator.ActiveCfg = Debug|Any CPU
		{8B2F6413-0314-4273-99D1-210F09C11A61}.Debug|iPhoneSimulator.Build.0 = Debug|Any CPU
		{8B2F6413-0314-4273-99D1-210F09C11A61}.Release|iPhoneSimulator.ActiveCfg = Release|Any CPU
		{8B2F6413-0314-4273-99D1-210F09C11A61}.Release|iPhoneSimulator.Build.0 = Release|Any CPU
		{8B2F6413-0314-4273-99D1-210F09C11A61}.Debug|iPhone.ActiveCfg = Debug|Any CPU
		{8B2F6413-0314-4273-99D1-210F09C11A61}.Debug|iPhone.Build.0 = Debug|Any CPU
		{8B2F6413-0314-4273-99D1-210F09C11A61}.Release|iPhone.ActiveCfg = Release|Any CPU
		{8B2F6413-0314-4273-99D1-210F09C11A61}.Release|iPhone.Build.0 = Release|Any CPU
		{8B2F6413-0314-4273-99D1-210F09C11A61}.Ad-Hoc|iPhone.ActiveCfg = Ad-Hoc|Any CPU
		{8B2F6413-0314-4273-99D1-210F09C11A61}.AppStore|iPhone.ActiveCfg = AppStore|Any CPU
		{BE0A5669-BDAE-4286-A531-8E1F764E06B3}..net 2 Release|Any CPU.ActiveCfg = Debug|Any CPU
		{BE0A5669-BDAE-4286-A531-8E1F764E06B3}..net 2 Release|Any CPU.Build.0 = Debug|Any CPU
		{BE0A5669-BDAE-4286-A531-8E1F764E06B3}..net 4 Release|Any CPU.ActiveCfg = Debug|Any CPU
		{BE0A5669-BDAE-4286-A531-8E1F764E06B3}..net 4 Release|Any CPU.Build.0 = Debug|Any CPU
		{BE0A5669-BDAE-4286-A531-8E1F764E06B3}.Debug|Any CPU.ActiveCfg = Debug|Any CPU
		{BE0A5669-BDAE-4286-A531-8E1F764E06B3}.Debug|Any CPU.Build.0 = Debug|Any CPU
		{BE0A5669-BDAE-4286-A531-8E1F764E06B3}.Release|Any CPU.ActiveCfg = Release|Any CPU
		{BE0A5669-BDAE-4286-A531-8E1F764E06B3}.Release|Any CPU.Build.0 = Release|Any CPU
		{BE0A5669-BDAE-4286-A531-8E1F764E06B3}.Debug|iPhoneSimulator.ActiveCfg = Debug|Any CPU
		{BE0A5669-BDAE-4286-A531-8E1F764E06B3}.Debug|iPhoneSimulator.Build.0 = Debug|Any CPU
		{BE0A5669-BDAE-4286-A531-8E1F764E06B3}.Release|iPhoneSimulator.ActiveCfg = Release|Any CPU
		{BE0A5669-BDAE-4286-A531-8E1F764E06B3}.Release|iPhoneSimulator.Build.0 = Release|Any CPU
		{BE0A5669-BDAE-4286-A531-8E1F764E06B3}.Debug|iPhone.ActiveCfg = Debug|Any CPU
		{BE0A5669-BDAE-4286-A531-8E1F764E06B3}.Debug|iPhone.Build.0 = Debug|Any CPU
		{BE0A5669-BDAE-4286-A531-8E1F764E06B3}.Release|iPhone.ActiveCfg = Release|Any CPU
		{BE0A5669-BDAE-4286-A531-8E1F764E06B3}.Release|iPhone.Build.0 = Release|Any CPU
		{BE0A5669-BDAE-4286-A531-8E1F764E06B3}.Ad-Hoc|iPhone.ActiveCfg = Ad-Hoc|Any CPU
		{BE0A5669-BDAE-4286-A531-8E1F764E06B3}.AppStore|iPhone.ActiveCfg = AppStore|Any CPU
		{E6871CA9-494A-4FA1-A708-E101B1DB07A2}..net 2 Release|Any CPU.ActiveCfg = Debug|Any CPU
		{E6871CA9-494A-4FA1-A708-E101B1DB07A2}..net 2 Release|Any CPU.Build.0 = Debug|Any CPU
		{E6871CA9-494A-4FA1-A708-E101B1DB07A2}..net 4 Release|Any CPU.ActiveCfg = Debug|Any CPU
		{E6871CA9-494A-4FA1-A708-E101B1DB07A2}..net 4 Release|Any CPU.Build.0 = Debug|Any CPU
		{E6871CA9-494A-4FA1-A708-E101B1DB07A2}.Debug|Any CPU.ActiveCfg = Debug|Any CPU
		{E6871CA9-494A-4FA1-A708-E101B1DB07A2}.Debug|Any CPU.Build.0 = Debug|Any CPU
		{E6871CA9-494A-4FA1-A708-E101B1DB07A2}.Release|Any CPU.ActiveCfg = Release|Any CPU
		{E6871CA9-494A-4FA1-A708-E101B1DB07A2}.Release|Any CPU.Build.0 = Release|Any CPU
		{E6871CA9-494A-4FA1-A708-E101B1DB07A2}.Debug|iPhoneSimulator.ActiveCfg = Debug|Any CPU
		{E6871CA9-494A-4FA1-A708-E101B1DB07A2}.Debug|iPhoneSimulator.Build.0 = Debug|Any CPU
		{E6871CA9-494A-4FA1-A708-E101B1DB07A2}.Release|iPhoneSimulator.ActiveCfg = Release|Any CPU
		{E6871CA9-494A-4FA1-A708-E101B1DB07A2}.Release|iPhoneSimulator.Build.0 = Release|Any CPU
		{E6871CA9-494A-4FA1-A708-E101B1DB07A2}.Debug|iPhone.ActiveCfg = Debug|Any CPU
		{E6871CA9-494A-4FA1-A708-E101B1DB07A2}.Debug|iPhone.Build.0 = Debug|Any CPU
		{E6871CA9-494A-4FA1-A708-E101B1DB07A2}.Release|iPhone.ActiveCfg = Release|Any CPU
		{E6871CA9-494A-4FA1-A708-E101B1DB07A2}.Release|iPhone.Build.0 = Release|Any CPU
		{E6871CA9-494A-4FA1-A708-E101B1DB07A2}.Ad-Hoc|iPhone.ActiveCfg = Ad-Hoc|Any CPU
		{E6871CA9-494A-4FA1-A708-E101B1DB07A2}.AppStore|iPhone.ActiveCfg = AppStore|Any CPU
		{0FBB12D9-67F8-434B-A37C-6BDC8A2D5868}..net 2 Release|Any CPU.ActiveCfg = Debug|Any CPU
		{0FBB12D9-67F8-434B-A37C-6BDC8A2D5868}..net 2 Release|Any CPU.Build.0 = Debug|Any CPU
		{0FBB12D9-67F8-434B-A37C-6BDC8A2D5868}..net 4 Release|Any CPU.ActiveCfg = Debug|Any CPU
		{0FBB12D9-67F8-434B-A37C-6BDC8A2D5868}..net 4 Release|Any CPU.Build.0 = Debug|Any CPU
		{0FBB12D9-67F8-434B-A37C-6BDC8A2D5868}.Debug|Any CPU.ActiveCfg = Debug|Any CPU
		{0FBB12D9-67F8-434B-A37C-6BDC8A2D5868}.Debug|Any CPU.Build.0 = Debug|Any CPU
		{0FBB12D9-67F8-434B-A37C-6BDC8A2D5868}.Release|Any CPU.ActiveCfg = Release|Any CPU
		{0FBB12D9-67F8-434B-A37C-6BDC8A2D5868}.Release|Any CPU.Build.0 = Release|Any CPU
		{0FBB12D9-67F8-434B-A37C-6BDC8A2D5868}.Debug|iPhoneSimulator.ActiveCfg = Debug|Any CPU
		{0FBB12D9-67F8-434B-A37C-6BDC8A2D5868}.Debug|iPhoneSimulator.Build.0 = Debug|Any CPU
		{0FBB12D9-67F8-434B-A37C-6BDC8A2D5868}.Release|iPhoneSimulator.ActiveCfg = Release|Any CPU
		{0FBB12D9-67F8-434B-A37C-6BDC8A2D5868}.Release|iPhoneSimulator.Build.0 = Release|Any CPU
		{0FBB12D9-67F8-434B-A37C-6BDC8A2D5868}.Debug|iPhone.ActiveCfg = Debug|Any CPU
		{0FBB12D9-67F8-434B-A37C-6BDC8A2D5868}.Debug|iPhone.Build.0 = Debug|Any CPU
		{0FBB12D9-67F8-434B-A37C-6BDC8A2D5868}.Release|iPhone.ActiveCfg = Release|Any CPU
		{0FBB12D9-67F8-434B-A37C-6BDC8A2D5868}.Release|iPhone.Build.0 = Release|Any CPU
		{0FBB12D9-67F8-434B-A37C-6BDC8A2D5868}.Ad-Hoc|iPhone.ActiveCfg = Debug|Any CPU
		{0FBB12D9-67F8-434B-A37C-6BDC8A2D5868}.Ad-Hoc|iPhone.Build.0 = Debug|Any CPU
		{0FBB12D9-67F8-434B-A37C-6BDC8A2D5868}.AppStore|iPhone.ActiveCfg = Debug|Any CPU
		{0FBB12D9-67F8-434B-A37C-6BDC8A2D5868}.AppStore|iPhone.Build.0 = Debug|Any CPU
		{68A00408-342D-4FDF-AEEA-329AD7D52AAC}..net 2 Release|Any CPU.ActiveCfg = Debug|Any CPU
		{68A00408-342D-4FDF-AEEA-329AD7D52AAC}..net 2 Release|Any CPU.Build.0 = Debug|Any CPU
		{68A00408-342D-4FDF-AEEA-329AD7D52AAC}..net 4 Release|Any CPU.ActiveCfg = Debug|Any CPU
		{68A00408-342D-4FDF-AEEA-329AD7D52AAC}..net 4 Release|Any CPU.Build.0 = Debug|Any CPU
		{68A00408-342D-4FDF-AEEA-329AD7D52AAC}.Debug|Any CPU.ActiveCfg = Debug|Any CPU
		{68A00408-342D-4FDF-AEEA-329AD7D52AAC}.Debug|Any CPU.Build.0 = Debug|Any CPU
		{68A00408-342D-4FDF-AEEA-329AD7D52AAC}.Release|Any CPU.ActiveCfg = Release|Any CPU
		{68A00408-342D-4FDF-AEEA-329AD7D52AAC}.Release|Any CPU.Build.0 = Release|Any CPU
		{68A00408-342D-4FDF-AEEA-329AD7D52AAC}.Debug|iPhoneSimulator.ActiveCfg = Debug|Any CPU
		{68A00408-342D-4FDF-AEEA-329AD7D52AAC}.Debug|iPhoneSimulator.Build.0 = Debug|Any CPU
		{68A00408-342D-4FDF-AEEA-329AD7D52AAC}.Release|iPhoneSimulator.ActiveCfg = Release|Any CPU
		{68A00408-342D-4FDF-AEEA-329AD7D52AAC}.Release|iPhoneSimulator.Build.0 = Release|Any CPU
		{68A00408-342D-4FDF-AEEA-329AD7D52AAC}.Debug|iPhone.ActiveCfg = Debug|Any CPU
		{68A00408-342D-4FDF-AEEA-329AD7D52AAC}.Debug|iPhone.Build.0 = Debug|Any CPU
		{68A00408-342D-4FDF-AEEA-329AD7D52AAC}.Release|iPhone.ActiveCfg = Release|Any CPU
		{68A00408-342D-4FDF-AEEA-329AD7D52AAC}.Release|iPhone.Build.0 = Release|Any CPU
		{68A00408-342D-4FDF-AEEA-329AD7D52AAC}.Ad-Hoc|iPhone.ActiveCfg = Debug|Any CPU
		{68A00408-342D-4FDF-AEEA-329AD7D52AAC}.Ad-Hoc|iPhone.Build.0 = Debug|Any CPU
		{68A00408-342D-4FDF-AEEA-329AD7D52AAC}.AppStore|iPhone.ActiveCfg = Debug|Any CPU
		{68A00408-342D-4FDF-AEEA-329AD7D52AAC}.AppStore|iPhone.Build.0 = Debug|Any CPU
	EndGlobalSection
	GlobalSection(SolutionProperties) = preSolution
		HideSolutionNode = FALSE
	EndGlobalSection
	GlobalSection(NestedProjects) = preSolution
		{15317A1A-F222-4D7A-9865-8AAF27241BDA} = {DB4642A4-3E75-483D-9643-D99E310E0E7F}
		{5796F902-CBC0-45B4-A342-43621A597D6D} = {DB4642A4-3E75-483D-9643-D99E310E0E7F}
		{C478B8D2-3A6D-436D-ABE7-8010B9FAF73B} = {DB4642A4-3E75-483D-9643-D99E310E0E7F}
		{48224037-C134-44A7-B962-0FA840D4D1A3} = {DB4642A4-3E75-483D-9643-D99E310E0E7F}
		{375E0BB7-2A71-440C-8F84-3D858B22501A} = {679FDCF1-F0D6-46AB-B87A-19B306A63626}
		{54FEE852-8725-4AF6-9800-88EE373C3495} = {679FDCF1-F0D6-46AB-B87A-19B306A63626}
		{32C167AA-1978-4932-9F91-EDD4865BF164} = {679FDCF1-F0D6-46AB-B87A-19B306A63626}
		{108EF9E9-D868-45BA-BA7A-E2AB3145CF9A} = {679FDCF1-F0D6-46AB-B87A-19B306A63626}
		{3BAAE235-8752-4B8E-9AA9-51CC8596DD63} = {DB4642A4-3E75-483D-9643-D99E310E0E7F}
		{2A51E6F8-974F-49E1-9E31-B71DC1E91D02} = {DB4642A4-3E75-483D-9643-D99E310E0E7F}
		{2EDE9B56-D827-46E4-84FC-AB60DF230419} = {DB4642A4-3E75-483D-9643-D99E310E0E7F}
		{F5E642AC-0259-4C16-9036-DB6ADCC97510} = {D720B93C-E9CC-4BA1-8BAC-9A14E77777F4}
		{4EA15B05-58C1-46A0-8DCC-09C2A212A569} = {D720B93C-E9CC-4BA1-8BAC-9A14E77777F4}
		{2498A26F-2426-4525-84D4-DE2FC49A40FB} = {D720B93C-E9CC-4BA1-8BAC-9A14E77777F4}
		{BE9E1675-9879-4CC6-8EA8-43CF65BC67E5} = {D720B93C-E9CC-4BA1-8BAC-9A14E77777F4}
		{25BAC6AF-AD4A-49AF-9493-C94DA06E6274} = {D720B93C-E9CC-4BA1-8BAC-9A14E77777F4}
		{47435321-5908-49CD-A383-98B94AF75624} = {504A9E4D-92EE-4AEA-B144-A2B187523476}
		{6FF207D5-5F57-4A92-A445-12752A34746D} = {504A9E4D-92EE-4AEA-B144-A2B187523476}
		{EE9103E4-5AE0-4F12-BE18-41464D42A8AB} = {504A9E4D-92EE-4AEA-B144-A2B187523476}
		{8B2F6413-0314-4273-99D1-210F09C11A61} = {504A9E4D-92EE-4AEA-B144-A2B187523476}
		{BE0A5669-BDAE-4286-A531-8E1F764E06B3} = {504A9E4D-92EE-4AEA-B144-A2B187523476}
		{E6871CA9-494A-4FA1-A708-E101B1DB07A2} = {504A9E4D-92EE-4AEA-B144-A2B187523476}
		{0FBB12D9-67F8-434B-A37C-6BDC8A2D5868} = {679FDCF1-F0D6-46AB-B87A-19B306A63626}
	EndGlobalSection
EndGlobal
